<?xml version="1.0" encoding="utf-8"?>
<Project ToolsVersion="4.0" xmlns="http://schemas.microsoft.com/developer/msbuild/2003">
  <ItemGroup>
    <Filter Include="Resource">
      <UniqueIdentifier>{022a8730-c61b-4a20-a4da-0e56ab0e5f0a}</UniqueIdentifier>
    </Filter>
    <Filter Include="Actor">
      <UniqueIdentifier>{e6e0a1b5-8508-4f9d-ad50-41782345b56f}</UniqueIdentifier>
    </Filter>
    <Filter Include="DBThread">
      <UniqueIdentifier>{e1af37a0-5891-4872-8717-b25776793aca}</UniqueIdentifier>
    </Filter>
    <Filter Include="Layer">
      <UniqueIdentifier>{0546f907-a6a2-4e55-b8c3-9584cba9c944}</UniqueIdentifier>
    </Filter>
    <Filter Include="script">
      <UniqueIdentifier>{d0331597-50f6-4d07-95b7-322eb09b9a6d}</UniqueIdentifier>
    </Filter>
    <Filter Include="Common">
      <UniqueIdentifier>{377d030e-156a-4206-9e99-6478d009f6fa}</UniqueIdentifier>
    </Filter>
    <Filter Include="Common\CrashRpt">
      <UniqueIdentifier>{8ce61061-c547-4a16-afe3-448f6d7f00f9}</UniqueIdentifier>
    </Filter>
    <Filter Include="Common\FSM">
      <UniqueIdentifier>{8bcadfb5-5539-4e18-a075-21bf3abd9ebd}</UniqueIdentifier>
    </Filter>
    <Filter Include="Common\FSM\DefaultFSM">
      <UniqueIdentifier>{84e37e39-286b-4581-915c-ee8c499fe5b1}</UniqueIdentifier>
    </Filter>
    <Filter Include="Common\Performer">
      <UniqueIdentifier>{b198728f-3d5f-4fc1-a625-84b2528cf934}</UniqueIdentifier>
    </Filter>
    <Filter Include="Common\Event">
      <UniqueIdentifier>{b3d74f6e-7fe0-45df-aa34-b0be040af311}</UniqueIdentifier>
    </Filter>
    <Filter Include="Common\NetError">
      <UniqueIdentifier>{9a5b54ff-2a92-43b9-85fe-23a957616f65}</UniqueIdentifier>
    </Filter>
    <Filter Include="Common\Layer">
      <UniqueIdentifier>{9d216c13-9635-4620-b968-bd41784cfd93}</UniqueIdentifier>
    </Filter>
    <Filter Include="Common\DB">
      <UniqueIdentifier>{9ff65bbf-7254-49c2-92e6-a45aa8f0c9b2}</UniqueIdentifier>
    </Filter>
    <Filter Include="Common\Packet">
      <UniqueIdentifier>{70190063-674f-48c3-8ece-e561d4d473b6}</UniqueIdentifier>
    </Filter>
    <Filter Include="Common\Socket">
      <UniqueIdentifier>{9988436a-6e72-4897-82b2-99f1502cf85a}</UniqueIdentifier>
    </Filter>
    <Filter Include="Common\SubThread">
      <UniqueIdentifier>{6eb0f080-aa03-4d93-a764-a8a011e0b29c}</UniqueIdentifier>
    </Filter>
    <Filter Include="Common\UI">
      <UniqueIdentifier>{7aaac744-1851-48a3-b96b-4a048d03aef6}</UniqueIdentifier>
    </Filter>
    <Filter Include="Common\X2Data">
      <UniqueIdentifier>{6ce5d5e5-12a0-48a1-836d-84e2d107e2e0}</UniqueIdentifier>
    </Filter>
    <Filter Include="Common\Lua">
      <UniqueIdentifier>{d4bd8576-258b-4eaa-b886-ace81d3da146}</UniqueIdentifier>
    </Filter>
    <Filter Include="Common\XML">
      <UniqueIdentifier>{daf3d4d6-a871-4149-a7f7-0955b6886bc9}</UniqueIdentifier>
    </Filter>
    <Filter Include="Common\Enum">
      <UniqueIdentifier>{d14a2340-eaad-4236-8542-82fe27d462d4}</UniqueIdentifier>
    </Filter>
    <Filter Include="Common\Room">
      <UniqueIdentifier>{e4d9a557-56ec-4d82-8b75-ef26f8f6f248}</UniqueIdentifier>
    </Filter>
    <Filter Include="Common\Profiler">
      <UniqueIdentifier>{b454b05e-de13-4d0c-a7f3-d9970cf40d5f}</UniqueIdentifier>
    </Filter>
    <Filter Include="Common\RepeatEventFilter">
      <UniqueIdentifier>{2b6e7762-dd10-4cb6-9416-c1c38fabfc0a}</UniqueIdentifier>
    </Filter>
    <Filter Include="Common\Mornitoring">
      <UniqueIdentifier>{d1404fc5-75c9-41fc-9c2d-a7effc86edf1}</UniqueIdentifier>
    </Filter>
    <Filter Include="Common\Mail">
      <UniqueIdentifier>{7bc0c04c-239e-477b-9d06-69cc07c7bb02}</UniqueIdentifier>
    </Filter>
    <Filter Include="Common\OnlyGlobal">
      <UniqueIdentifier>{415fd885-6eb1-4ca4-b3fa-199d9268f761}</UniqueIdentifier>
    </Filter>
    <Filter Include="Common\OnlyGlobal\Packet">
      <UniqueIdentifier>{91e6dd83-bb02-4560-8edc-298b97035ed4}</UniqueIdentifier>
    </Filter>
    <Filter Include="Common\OnlyGlobal\Define">
      <UniqueIdentifier>{10b9f8e0-3a21-4992-a34a-a418dad57a42}</UniqueIdentifier>
    </Filter>
  </ItemGroup>
  <ItemGroup>
    <ResourceCompile Include="ChannelServer.rc">
      <Filter>Resource</Filter>
    </ResourceCompile>
  </ItemGroup>
  <ItemGroup>
    <None Include="icon.ico">
      <Filter>Resource</Filter>
    </None>
    <None Include="config_ch.ini">
      <Filter>script</Filter>
    </None>
    <None Include="config_ch_KR_INTERNAL.lua">
      <Filter>script</Filter>
    </None>
    <None Include="config_ch_KR_OPEN_TEST.lua">
      <Filter>script</Filter>
    </None>
    <None Include="config_ch_KR_SERVICE.lua">
      <Filter>script</Filter>
    </None>
    <None Include="log_GAIA.dsn">
      <Filter>script</Filter>
    </None>
    <None Include="log_SOLES.dsn">
      <Filter>script</Filter>
    </None>
  </ItemGroup>
  <ItemGroup>
    <ClInclude Include="Resource.h">
      <Filter>Resource</Filter>
    </ClInclude>
    <ClInclude Include="ChannelUser.h">
      <Filter>Actor</Filter>
    </ClInclude>
    <ClInclude Include="UserHackingManager.h">
      <Filter>Actor</Filter>
    </ClInclude>
    <ClInclude Include="ChannelAccountDBThread.h">
      <Filter>DBThread</Filter>
    </ClInclude>
    <ClInclude Include="ChannelLogDBThread.h">
      <Filter>DBThread</Filter>
    </ClInclude>
    <ClInclude Include="ChannelNetLayer.h">
      <Filter>Layer</Filter>
    </ClInclude>
    <ClInclude Include="ChannelSimLayer.h">
      <Filter>Layer</Filter>
    </ClInclude>
    <ClInclude Include="..\Common\ActorFactory.h">
      <Filter>Common</Filter>
    </ClInclude>
    <ClInclude Include="..\Common\ActorManager.h">
      <Filter>Common</Filter>
    </ClInclude>
    <ClInclude Include="..\Common\BaseServer.h">
      <Filter>Common</Filter>
    </ClInclude>
    <ClInclude Include="..\Common\HackingProtectionManager.h">
      <Filter>Common</Filter>
    </ClInclude>
    <ClInclude Include="..\Common\KAutoPath.h">
      <Filter>Common</Filter>
    </ClInclude>
    <ClInclude Include="..\Common\KFolderTraverse.h">
      <Filter>Common</Filter>
    </ClInclude>
    <ClInclude Include="..\Common\KFtpWrapper.h">
      <Filter>Common</Filter>
    </ClInclude>
    <ClInclude Include="..\Common\KLogReporter.h">
      <Filter>Common</Filter>
    </ClInclude>
    <ClInclude Include="..\Common\KncSmartPtr.h">
      <Filter>Common</Filter>
    </ClInclude>
    <ClInclude Include="..\Common\KncUidType.h">
      <Filter>Common</Filter>
    </ClInclude>
    <ClInclude Include="..\Common\KStatisticsLocalLog.h">
      <Filter>Common</Filter>
    </ClInclude>
    <ClInclude Include="..\Common\Lottery.h">
      <Filter>Common</Filter>
    </ClInclude>
    <ClInclude Include="..\Common\ProxyManager.h">
      <Filter>Common</Filter>
    </ClInclude>
    <ClInclude Include="..\Common\SecurityString.h">
      <Filter>Common</Filter>
    </ClInclude>
    <ClInclude Include="..\Common\ServerLogManager.h">
      <Filter>Common</Filter>
    </ClInclude>
    <ClInclude Include="..\Common\SimObject.h">
      <Filter>Common</Filter>
    </ClInclude>
    <ClInclude Include="..\Common\Statistics.h">
      <Filter>Common</Filter>
    </ClInclude>
    <ClInclude Include="..\Common\StatisticsID_def.h">
      <Filter>Common</Filter>
    </ClInclude>
    <ClInclude Include="..\Common\StatisticsManager.h">
      <Filter>Common</Filter>
    </ClInclude>
    <ClInclude Include="..\Common\StringTable.h">
      <Filter>Common</Filter>
    </ClInclude>
    <ClInclude Include="..\Common\ThreadStatisticsManager.h">
      <Filter>Common</Filter>
    </ClInclude>
    <ClInclude Include="..\Common\TSMEventProcess.h">
      <Filter>Common</Filter>
    </ClInclude>
    <ClInclude Include="..\Common\CrashRpt\KncCrashRpt.h">
      <Filter>Common\CrashRpt</Filter>
    </ClInclude>
    <ClInclude Include="..\Common\FSM\FSMclass.h">
      <Filter>Common\FSM</Filter>
    </ClInclude>
    <ClInclude Include="..\Common\FSM\FSMstate.h">
      <Filter>Common\FSM</Filter>
    </ClInclude>
    <ClInclude Include="..\Common\FSM\support_FSM.h">
      <Filter>Common\FSM</Filter>
    </ClInclude>
    <ClInclude Include="..\Common\DefaultFSM.h">
      <Filter>Common\FSM\DefaultFSM</Filter>
    </ClInclude>
    <ClInclude Include="..\Common\DefaultFSMInput_def.h">
      <Filter>Common\FSM\DefaultFSM</Filter>
    </ClInclude>
    <ClInclude Include="..\Common\DefaultFSMState_def.h">
      <Filter>Common\FSM\DefaultFSM</Filter>
    </ClInclude>
    <ClInclude Include="..\Common\Actor.h">
      <Filter>Common\Performer</Filter>
    </ClInclude>
    <ClInclude Include="..\Common\ActorProxy.h">
      <Filter>Common\Performer</Filter>
    </ClInclude>
    <ClInclude Include="..\Common\Performer.h">
      <Filter>Common\Performer</Filter>
    </ClInclude>
    <ClInclude Include="..\Common\Event.h">
      <Filter>Common\Event</Filter>
    </ClInclude>
    <ClInclude Include="..\Common\EventID_Client.h">
      <Filter>Common\Event</Filter>
    </ClInclude>
    <ClInclude Include="..\Common\EventID_Server.h">
      <Filter>Common\Event</Filter>
    </ClInclude>
    <ClInclude Include="..\Common\EventID_System.h">
      <Filter>Common\Event</Filter>
    </ClInclude>
    <ClInclude Include="..\Common\KncSend.h">
      <Filter>Common\Event</Filter>
    </ClInclude>
    <ClInclude Include="..\Common\NetError.h">
      <Filter>Common\NetError</Filter>
    </ClInclude>
    <ClInclude Include="..\Common\NetError_def.h">
      <Filter>Common\NetError</Filter>
    </ClInclude>
    <ClInclude Include="..\Common\DBLayer.h">
      <Filter>Common\Layer</Filter>
    </ClInclude>
    <ClInclude Include="..\Common\NetLayer.h">
      <Filter>Common\Layer</Filter>
    </ClInclude>
    <ClInclude Include="..\Common\SimLayer.h">
      <Filter>Common\Layer</Filter>
    </ClInclude>
    <ClInclude Include="..\Common\ODBC\DBUtil.h">
      <Filter>Common\DB</Filter>
    </ClInclude>
    <ClInclude Include="..\Common\ODBC\Odbc.h">
      <Filter>Common\DB</Filter>
    </ClInclude>
    <ClInclude Include="..\Common\ClientPacket.h">
      <Filter>Common\Packet</Filter>
    </ClInclude>
    <ClInclude Include="..\Common\CommonPacket.h">
      <Filter>Common\Packet</Filter>
    </ClInclude>
    <ClInclude Include="..\Common\ServerPacket.h">
      <Filter>Common\Packet</Filter>
    </ClInclude>
    <ClInclude Include="..\Common\SystemPacket.h">
      <Filter>Common\Packet</Filter>
    </ClInclude>
    <ClInclude Include="..\Common\Socket\Accepter.h">
      <Filter>Common\Socket</Filter>
    </ClInclude>
    <ClInclude Include="..\Common\Socket\CircularQueue.h">
      <Filter>Common\Socket</Filter>
    </ClInclude>
    <ClInclude Include="..\Common\Socket\IOCP.h">
      <Filter>Common\Socket</Filter>
    </ClInclude>
    <ClInclude Include="..\Common\Socket\IOThread.h">
      <Filter>Common\Socket</Filter>
    </ClInclude>
    <ClInclude Include="..\Common\Socket\KTDNUDP.h">
      <Filter>Common\Socket</Filter>
    </ClInclude>
    <ClInclude Include="..\Common\Socket\LBSUdpEcho.h">
      <Filter>Common\Socket</Filter>
    </ClInclude>
    <ClInclude Include="..\Common\Socket\NetCommon.h">
      <Filter>Common\Socket</Filter>
    </ClInclude>
    <ClInclude Include="..\Common\Socket\Overlapped.h">
      <Filter>Common\Socket</Filter>
    </ClInclude>
    <ClInclude Include="..\Common\Socket\Session.h">
      <Filter>Common\Socket</Filter>
    </ClInclude>
    <ClInclude Include="..\Common\Socket\SocketObject.h">
      <Filter>Common\Socket</Filter>
    </ClInclude>
    <ClInclude Include="..\Common\Socket\UdpEcho.h">
      <Filter>Common\Socket</Filter>
    </ClInclude>
    <ClInclude Include="..\Common\Socket\UdpToServer.h">
      <Filter>Common\Socket</Filter>
    </ClInclude>
    <ClInclude Include="..\Common\Socket\X2Packet.h">
      <Filter>Common\Socket</Filter>
    </ClInclude>
    <ClInclude Include="..\Common\DBConnectionInfo_def.h">
      <Filter>Common\SubThread</Filter>
    </ClInclude>
    <ClInclude Include="..\Common\DBThreadManager.h">
      <Filter>Common\SubThread</Filter>
    </ClInclude>
    <ClInclude Include="..\Common\SubThread.h">
      <Filter>Common\SubThread</Filter>
    </ClInclude>
    <ClInclude Include="..\Common\ThreadManager.h">
      <Filter>Common\SubThread</Filter>
    </ClInclude>
    <ClInclude Include="..\Common\ui\DBConnectionDlg.h">
      <Filter>Common\UI</Filter>
    </ClInclude>
    <ClInclude Include="..\Common\ui\EditLog.h">
      <Filter>Common\UI</Filter>
    </ClInclude>
    <ClInclude Include="..\Common\ui\EditStreamBuf.h">
      <Filter>Common\UI</Filter>
    </ClInclude>
    <ClInclude Include="..\Common\ui\HookStdio.h">
      <Filter>Common\UI</Filter>
    </ClInclude>
    <ClInclude Include="..\Common\ui\ServerApp.h">
      <Filter>Common\UI</Filter>
    </ClInclude>
    <ClInclude Include="..\Common\ui\ServerUIDlg.h">
      <Filter>Common\UI</Filter>
    </ClInclude>
    <ClInclude Include="..\Common\ui\stdafx.h">
      <Filter>Common\UI</Filter>
    </ClInclude>
    <ClInclude Include="..\Common\ui\SubclassWnd.h">
      <Filter>Common\UI</Filter>
    </ClInclude>
    <ClInclude Include="..\Common\X2Data\XSLCheckSumManager.h">
      <Filter>Common\X2Data</Filter>
    </ClInclude>
    <ClInclude Include="..\Common\X2Data\XSLDungeon.h">
      <Filter>Common\X2Data</Filter>
    </ClInclude>
    <ClInclude Include="..\Common\X2Data\XSLDungeonManager.h">
      <Filter>Common\X2Data</Filter>
    </ClInclude>
    <ClInclude Include="..\Common\X2Data\XSLDungeonStage.h">
      <Filter>Common\X2Data</Filter>
    </ClInclude>
    <ClInclude Include="..\Common\X2Data\XSLDungeonSubStage.h">
      <Filter>Common\X2Data</Filter>
    </ClInclude>
    <ClInclude Include="..\Common\X2Data\XSLGUNPCAI.h">
      <Filter>Common\X2Data</Filter>
    </ClInclude>
    <ClInclude Include="..\Common\X2Data\XSLInventory.h">
      <Filter>Common\X2Data</Filter>
    </ClInclude>
    <ClInclude Include="..\Common\X2Data\XSLItem.h">
      <Filter>Common\X2Data</Filter>
    </ClInclude>
    <ClInclude Include="..\Common\X2Data\XSLItemManager.h">
      <Filter>Common\X2Data</Filter>
    </ClInclude>
    <ClInclude Include="..\Common\X2Data\XSLMain.h">
      <Filter>Common\X2Data</Filter>
    </ClInclude>
    <ClInclude Include="..\Common\X2Data\XSLMapData.h">
      <Filter>Common\X2Data</Filter>
    </ClInclude>
    <ClInclude Include="..\Common\X2Data\XSLRoom.h">
      <Filter>Common\X2Data</Filter>
    </ClInclude>
    <ClInclude Include="..\Common\X2Data\XSLSquareGame.h">
      <Filter>Common\X2Data</Filter>
    </ClInclude>
    <ClInclude Include="..\Common\X2Data\XSLStat.h">
      <Filter>Common\X2Data</Filter>
    </ClInclude>
    <ClInclude Include="..\Common\X2Data\XSLUnit.h">
      <Filter>Common\X2Data</Filter>
    </ClInclude>
    <ClInclude Include="..\Common\X2Data\XSLUnitManager.h">
      <Filter>Common\X2Data</Filter>
    </ClInclude>
    <ClInclude Include="..\Common\X2Data\XSLUser.h">
      <Filter>Common\X2Data</Filter>
    </ClInclude>
    <ClInclude Include="..\Common\Lua\KLuaManager.h">
      <Filter>Common\Lua</Filter>
    </ClInclude>
    <ClInclude Include="..\Common\XML\Markup.h">
      <Filter>Common\XML</Filter>
    </ClInclude>
    <ClInclude Include="..\Common\Enum\Enum.h">
      <Filter>Common\Enum</Filter>
    </ClInclude>
    <ClInclude Include="..\Common\Room\RoomManager.h">
      <Filter>Common\Room</Filter>
    </ClInclude>
    <ClInclude Include="..\Common\Profiler\Profiler.h">
      <Filter>Common\Profiler</Filter>
    </ClInclude>
    <ClInclude Include="..\Common\RepeatEventFilter\RepeatEventFilter.h">
      <Filter>Common\RepeatEventFilter</Filter>
    </ClInclude>
    <ClInclude Include="..\Common\Mornitoring\MornitoringManager.h">
      <Filter>Common\Mornitoring</Filter>
    </ClInclude>
    <ClInclude Include="..\Common\Mail\base64.h">
      <Filter>Common\Mail</Filter>
    </ClInclude>
    <ClInclude Include="..\Common\Mail\MailManager.h">
      <Filter>Common\Mail</Filter>
    </ClInclude>
    <ClInclude Include="..\Common\Mail\MailMIMEHeader.h">
      <Filter>Common\Mail</Filter>
    </ClInclude>
    <ClInclude Include="..\Common\Mail\MailSMTPHeader.h">
      <Filter>Common\Mail</Filter>
    </ClInclude>
    <ClInclude Include="..\Common\Mail\X2SMTPMail.h">
      <Filter>Common\Mail</Filter>
    </ClInclude>
    <ClInclude Include="CCUToolManager.h" />
    <ClInclude Include="ChannelServer.h" />
    <ClInclude Include="..\Common\ServerDefine.h" />
    <ClInclude Include="..\Common\OnlyGlobal\ServerDefine\ServerDefine_ID.h">
      <Filter>Common\OnlyGlobal\Define</Filter>
    </ClInclude>
    <ClInclude Include="..\Common\OnlyGlobal\ServerDefine\ServerDefine_JP.h">
      <Filter>Common\OnlyGlobal\Define</Filter>
    </ClInclude>
    <ClInclude Include="..\Common\OnlyGlobal\ServerDefine\ServerDefine_TH.h">
      <Filter>Common\OnlyGlobal\Define</Filter>
    </ClInclude>
    <ClInclude Include="..\Common\OnlyGlobal\ServerDefine\ServerDefine_TWHK.h">
      <Filter>Common\OnlyGlobal\Define</Filter>
    </ClInclude>
    <ClInclude Include="..\Common\OnlyGlobal\ServerDefine\ServerDefine_US.h">
      <Filter>Common\OnlyGlobal\Define</Filter>
    </ClInclude>
    <ClInclude Include="..\Common\OnlyGlobal\ServerDefine\ServerDefine_BR.h">
      <Filter>Common\OnlyGlobal\Define</Filter>
    </ClInclude>
    <ClInclude Include="..\Common\OnlyGlobal\ServerDefine\ServerDefine_CN.h">
      <Filter>Common\OnlyGlobal\Define</Filter>
    </ClInclude>
    <ClInclude Include="..\Common\OnlyGlobal\ServerDefine\ServerDefine_Global.h">
      <Filter>Common\OnlyGlobal\Define</Filter>
    </ClInclude>
    <ClInclude Include="..\Common\OnlyGlobal\Packet\CommonPacket_Global.h">
      <Filter>Common\OnlyGlobal\Packet</Filter>
    </ClInclude>
    <ClInclude Include="..\Common\OnlyGlobal\Packet\ServerPacket_Global.h">
      <Filter>Common\OnlyGlobal\Packet</Filter>
    </ClInclude>
    <ClInclude Include="..\Common\OnlyGlobal\Packet\SystemPacket_Global.h">
      <Filter>Common\OnlyGlobal\Packet</Filter>
    </ClInclude>
    <ClInclude Include="..\Common\OnlyGlobal\Packet\ClientPacket_Global.h">
      <Filter>Common\OnlyGlobal\Packet</Filter>
    </ClInclude>
    <ClInclude Include="..\Common\OnlyGlobal\EventID_Client_Global.h">
      <Filter>Common\OnlyGlobal</Filter>
    </ClInclude>
    <ClInclude Include="..\Common\OnlyGlobal\EventID_Server_Global.h">
      <Filter>Common\OnlyGlobal</Filter>
    </ClInclude>
    <ClInclude Include="..\Common\OnlyGlobal\EventID_System_Global.h">
      <Filter>Common\OnlyGlobal</Filter>
    </ClInclude>
    <ClInclude Include="..\Common\OnlyGlobal\ServerDefine\ServerDefine_EU.h">
      <Filter>Common\OnlyGlobal\Define</Filter>
    </ClInclude>
  </ItemGroup>
  <ItemGroup>
    <ClCompile Include="ChannelUser.cpp">
      <Filter>Actor</Filter>
    </ClCompile>
    <ClCompile Include="UserHackingManager.cpp">
      <Filter>Actor</Filter>
    </ClCompile>
    <ClCompile Include="ChannelAccountDBThread.cpp">
      <Filter>DBThread</Filter>
    </ClCompile>
    <ClCompile Include="ChannelLogDBThread.cpp">
      <Filter>DBThread</Filter>
    </ClCompile>
    <ClCompile Include="ChannelNetLayer.cpp">
      <Filter>Layer</Filter>
    </ClCompile>
    <ClCompile Include="ChannelSimLayer.cpp">
      <Filter>Layer</Filter>
    </ClCompile>
    <ClCompile Include="..\Common\ActorManager.cpp">
      <Filter>Common</Filter>
    </ClCompile>
    <ClCompile Include="..\Common\BaseServer.cpp">
      <Filter>Common</Filter>
    </ClCompile>
    <ClCompile Include="..\Common\HackingProtectionManager.cpp">
      <Filter>Common</Filter>
    </ClCompile>
    <ClCompile Include="..\Common\KAutoPath.cpp">
      <Filter>Common</Filter>
    </ClCompile>
    <ClCompile Include="..\Common\KFolderTraverse.cpp">
      <Filter>Common</Filter>
    </ClCompile>
    <ClCompile Include="..\Common\KFtpWrapper.cpp">
      <Filter>Common</Filter>
    </ClCompile>
    <ClCompile Include="..\Common\KLogReporter.cpp">
      <Filter>Common</Filter>
    </ClCompile>
    <ClCompile Include="..\Common\KncUidType.cpp">
      <Filter>Common</Filter>
    </ClCompile>
    <ClCompile Include="..\Common\KStatisticsLocalLog.cpp">
      <Filter>Common</Filter>
    </ClCompile>
    <ClCompile Include="..\Common\Lottery.cpp">
      <Filter>Common</Filter>
    </ClCompile>
    <ClCompile Include="..\Common\ProxyManager.cpp">
      <Filter>Common</Filter>
    </ClCompile>
    <ClCompile Include="..\Common\SecurityString.cpp">
      <Filter>Common</Filter>
    </ClCompile>
    <ClCompile Include="..\Common\ServerLogManager.cpp">
      <Filter>Common</Filter>
    </ClCompile>
    <ClCompile Include="..\Common\SimObject.cpp">
      <Filter>Common</Filter>
    </ClCompile>
    <ClCompile Include="..\Common\Statistics.cpp">
      <Filter>Common</Filter>
    </ClCompile>
    <ClCompile Include="..\Common\StatisticsManager.cpp">
      <Filter>Common</Filter>
    </ClCompile>
    <ClCompile Include="..\Common\StringTable.cpp">
      <Filter>Common</Filter>
    </ClCompile>
    <ClCompile Include="..\Common\ThreadStatisticsManager.cpp">
      <Filter>Common</Filter>
    </ClCompile>
    <ClCompile Include="..\Common\TSMEventProcess.cpp">
      <Filter>Common</Filter>
    </ClCompile>
    <ClCompile Include="..\Common\FSM\FSMclass.cpp">
      <Filter>Common\FSM</Filter>
    </ClCompile>
    <ClCompile Include="..\Common\FSM\FSMstate.cpp">
      <Filter>Common\FSM</Filter>
    </ClCompile>
    <ClCompile Include="..\Common\DefaultFSM.cpp">
      <Filter>Common\FSM\DefaultFSM</Filter>
    </ClCompile>
    <ClCompile Include="..\Common\Actor.cpp">
      <Filter>Common\Performer</Filter>
    </ClCompile>
    <ClCompile Include="..\Common\ActorProxy.cpp">
      <Filter>Common\Performer</Filter>
    </ClCompile>
    <ClCompile Include="..\Common\Performer.cpp">
      <Filter>Common\Performer</Filter>
    </ClCompile>
    <ClCompile Include="..\Common\Event.cpp">
      <Filter>Common\Event</Filter>
    </ClCompile>
    <ClCompile Include="..\Common\KncSend.cpp">
      <Filter>Common\Event</Filter>
    </ClCompile>
    <ClCompile Include="..\Common\NetError.cpp">
      <Filter>Common\NetError</Filter>
    </ClCompile>
    <ClCompile Include="..\Common\DBLayer.cpp">
      <Filter>Common\Layer</Filter>
    </ClCompile>
    <ClCompile Include="..\Common\NetLayer.cpp">
      <Filter>Common\Layer</Filter>
    </ClCompile>
    <ClCompile Include="..\Common\SimLayer.cpp">
      <Filter>Common\Layer</Filter>
    </ClCompile>
    <ClCompile Include="..\Common\ODBC\DBUtil.cpp">
      <Filter>Common\DB</Filter>
    </ClCompile>
    <ClCompile Include="..\Common\ODBC\Odbc.cpp">
      <Filter>Common\DB</Filter>
    </ClCompile>
    <ClCompile Include="..\Common\ClientPacket.cpp">
      <Filter>Common\Packet</Filter>
    </ClCompile>
    <ClCompile Include="..\Common\CommonPacket.cpp">
      <Filter>Common\Packet</Filter>
    </ClCompile>
    <ClCompile Include="..\Common\ServerPacket.cpp">
      <Filter>Common\Packet</Filter>
    </ClCompile>
    <ClCompile Include="..\Common\SystemPacket.cpp">
      <Filter>Common\Packet</Filter>
    </ClCompile>
    <ClCompile Include="..\Common\Socket\Accepter.cpp">
      <Filter>Common\Socket</Filter>
    </ClCompile>
    <ClCompile Include="..\Common\Socket\CircularQueue.cpp">
      <Filter>Common\Socket</Filter>
    </ClCompile>
    <ClCompile Include="..\Common\Socket\IOCP.cpp">
      <Filter>Common\Socket</Filter>
    </ClCompile>
    <ClCompile Include="..\Common\Socket\IOThread.cpp">
      <Filter>Common\Socket</Filter>
    </ClCompile>
    <ClCompile Include="..\Common\Socket\KTDNUDP.cpp">
      <Filter>Common\Socket</Filter>
    </ClCompile>
    <ClCompile Include="..\Common\Socket\LBSUdpEcho.cpp">
      <Filter>Common\Socket</Filter>
    </ClCompile>
    <ClCompile Include="..\Common\Socket\NetCommon.cpp">
      <Filter>Common\Socket</Filter>
    </ClCompile>
    <ClCompile Include="..\Common\Socket\Session.cpp">
      <Filter>Common\Socket</Filter>
    </ClCompile>
    <ClCompile Include="..\Common\Socket\SocketObject.cpp">
      <Filter>Common\Socket</Filter>
    </ClCompile>
    <ClCompile Include="..\Common\Socket\UdpEcho.cpp">
      <Filter>Common\Socket</Filter>
    </ClCompile>
    <ClCompile Include="..\Common\Socket\X2Packet.cpp">
      <Filter>Common\Socket</Filter>
    </ClCompile>
    <ClCompile Include="..\Common\DBThreadManager.cpp">
      <Filter>Common\SubThread</Filter>
    </ClCompile>
    <ClCompile Include="..\Common\ThreadManager.cpp">
      <Filter>Common\SubThread</Filter>
    </ClCompile>
    <ClCompile Include="..\Common\ui\DBConnectionDlg.cpp">
      <Filter>Common\UI</Filter>
    </ClCompile>
    <ClCompile Include="..\Common\ui\EditLog.cpp">
      <Filter>Common\UI</Filter>
    </ClCompile>
    <ClCompile Include="..\Common\ui\HookStdio.cpp">
      <Filter>Common\UI</Filter>
    </ClCompile>
    <ClCompile Include="..\Common\ui\ServerApp.cpp">
      <Filter>Common\UI</Filter>
    </ClCompile>
    <ClCompile Include="..\Common\ui\ServerUIDlg.cpp">
      <Filter>Common\UI</Filter>
    </ClCompile>
    <ClCompile Include="..\Common\ui\stdafx.cpp">
      <Filter>Common\UI</Filter>
    </ClCompile>
    <ClCompile Include="..\Common\ui\SubclassWnd.cpp">
      <Filter>Common\UI</Filter>
    </ClCompile>
    <ClCompile Include="..\Common\X2Data\XSLCheckSumManager.cpp">
      <Filter>Common\X2Data</Filter>
    </ClCompile>
    <ClCompile Include="..\Common\X2Data\XSLDungeon.cpp">
      <Filter>Common\X2Data</Filter>
    </ClCompile>
    <ClCompile Include="..\Common\X2Data\XSLDungeonManager.cpp">
      <Filter>Common\X2Data</Filter>
    </ClCompile>
    <ClCompile Include="..\Common\X2Data\XSLDungeonStage.cpp">
      <Filter>Common\X2Data</Filter>
    </ClCompile>
    <ClCompile Include="..\Common\X2Data\XSLDungeonSubStage.cpp">
      <Filter>Common\X2Data</Filter>
    </ClCompile>
    <ClCompile Include="..\Common\X2Data\XSLGUNPCAI.cpp">
      <Filter>Common\X2Data</Filter>
    </ClCompile>
    <ClCompile Include="..\Common\X2Data\XSLInventory.cpp">
      <Filter>Common\X2Data</Filter>
    </ClCompile>
    <ClCompile Include="..\Common\X2Data\XSLItem.cpp">
      <Filter>Common\X2Data</Filter>
    </ClCompile>
    <ClCompile Include="..\Common\X2Data\XSLItemManager.cpp">
      <Filter>Common\X2Data</Filter>
    </ClCompile>
    <ClCompile Include="..\Common\X2Data\XSLMain.cpp">
      <Filter>Common\X2Data</Filter>
    </ClCompile>
    <ClCompile Include="..\Common\X2Data\XSLMapData.cpp">
      <Filter>Common\X2Data</Filter>
    </ClCompile>
    <ClCompile Include="..\Common\X2Data\XSLRoom.cpp">
      <Filter>Common\X2Data</Filter>
    </ClCompile>
    <ClCompile Include="..\Common\X2Data\XSLSquareGame.cpp">
      <Filter>Common\X2Data</Filter>
    </ClCompile>
    <ClCompile Include="..\Common\X2Data\XSLStat.cpp">
      <Filter>Common\X2Data</Filter>
    </ClCompile>
    <ClCompile Include="..\Common\X2Data\XSLUnit.cpp">
      <Filter>Common\X2Data</Filter>
    </ClCompile>
    <ClCompile Include="..\Common\X2Data\XSLUnitManager.cpp">
      <Filter>Common\X2Data</Filter>
    </ClCompile>
    <ClCompile Include="..\Common\X2Data\XSLUser.cpp">
      <Filter>Common\X2Data</Filter>
    </ClCompile>
    <ClCompile Include="..\Common\Lua\KLuaManager.cpp">
      <Filter>Common\Lua</Filter>
    </ClCompile>
    <ClCompile Include="..\Common\XML\Markup.cpp">
      <Filter>Common\XML</Filter>
    </ClCompile>
    <ClCompile Include="..\Common\Room\RoomManager.cpp">
      <Filter>Common\Room</Filter>
    </ClCompile>
    <ClCompile Include="..\Common\Profiler\Profiler.cpp">
      <Filter>Common\Profiler</Filter>
    </ClCompile>
    <ClCompile Include="..\Common\RepeatEventFilter\RepeatEventFilter.cpp">
      <Filter>Common\RepeatEventFilter</Filter>
    </ClCompile>
    <ClCompile Include="..\Common\Mornitoring\MornitoringManager.cpp">
      <Filter>Common\Mornitoring</Filter>
    </ClCompile>
    <ClCompile Include="..\Common\Mail\base64.cpp">
      <Filter>Common\Mail</Filter>
    </ClCompile>
    <ClCompile Include="..\Common\Mail\MailManager.cpp">
      <Filter>Common\Mail</Filter>
    </ClCompile>
    <ClCompile Include="..\Common\Mail\X2SMTPMail.cpp">
      <Filter>Common\Mail</Filter>
    </ClCompile>
    <ClCompile Include="CCUToolManager.cpp" />
    <ClCompile Include="ChannelServer.cpp" />
    <ClCompile Include="..\Common\OnlyGlobal\Packet\ServerPacket_Global.cpp">
      <Filter>Common\OnlyGlobal\Packet</Filter>
    </ClCompile>
    <ClCompile Include="..\Common\OnlyGlobal\Packet\SystemPacket_Global.cpp">
      <Filter>Common\OnlyGlobal\Packet</Filter>
    </ClCompile>
    <ClCompile Include="..\Common\OnlyGlobal\Packet\ClientPacket_Global.cpp">
      <Filter>Common\OnlyGlobal\Packet</Filter>
    </ClCompile>
    <ClCompile Include="..\Common\OnlyGlobal\Packet\CommonPacket_Global.cpp">
      <Filter>Common\OnlyGlobal\Packet</Filter>
    </ClCompile>
  </ItemGroup>
</Project>