<?xml version="1.0" encoding="utf-8"?>
<Project ToolsVersion="4.0" xmlns="http://schemas.microsoft.com/developer/msbuild/2003">
  <ItemGroup>
    <Filter Include="소스 파일">
      <UniqueIdentifier>{4FC737F1-C7A5-4376-A066-2A32D752A2FF}</UniqueIdentifier>
      <Extensions>cpp;c;cxx;def;odl;idl;hpj;bat;asm;asmx</Extensions>
    </Filter>
    <Filter Include="헤더 파일">
      <UniqueIdentifier>{93995380-89BD-4b04-88EB-625FBE52EBFB}</UniqueIdentifier>
      <Extensions>h;hpp;hxx;hm;inl;inc;xsd</Extensions>
    </Filter>
    <Filter Include="리소스 파일">
      <UniqueIdentifier>{67DA6AB6-F800-4c08-8B7A-83BB121AAD01}</UniqueIdentifier>
      <Extensions>rc;ico;cur;bmp;dlg;rc2;rct;bin;rgs;gif;jpg;jpeg;jpe;resx</Extensions>
    </Filter>
    <Filter Include="LIB">
      <UniqueIdentifier>{7db296aa-d6b1-4944-80d5-298254e7e11f}</UniqueIdentifier>
    </Filter>
  </ItemGroup>
  <ItemGroup>
    <ClInclude Include="base64.h">
      <Filter>헤더 파일</Filter>
    </ClInclude>
    <ClInclude Include="HShield.h">
      <Filter>헤더 파일</Filter>
    </ClInclude>
    <ClInclude Include="MailMIMEHeader.h">
      <Filter>헤더 파일</Filter>
    </ClInclude>
    <ClInclude Include="MailSMTPHeader.h">
      <Filter>헤더 파일</Filter>
    </ClInclude>
    <ClInclude Include="NPGameLib.h">
      <Filter>헤더 파일</Filter>
    </ClInclude>
    <ClInclude Include="stdafx.h">
      <Filter>헤더 파일</Filter>
    </ClInclude>
    <ClInclude Include="ThemidaSDK.h">
      <Filter>헤더 파일</Filter>
    </ClInclude>
    <ClInclude Include="VirtualizerSDK.h">
      <Filter>헤더 파일</Filter>
    </ClInclude>
    <ClInclude Include="X2AllyNPCAI.h">
      <Filter>헤더 파일</Filter>
    </ClInclude>
    <ClInclude Include="X2BaseUnitViewerUI.h">
      <Filter>헤더 파일</Filter>
    </ClInclude>
    <ClInclude Include="X2BeginningGame.h">
      <Filter>헤더 파일</Filter>
    </ClInclude>
    <ClInclude Include="X2Book.h">
      <Filter>헤더 파일</Filter>
    </ClInclude>
    <ClInclude Include="X2Camera.h">
      <Filter>헤더 파일</Filter>
    </ClInclude>
    <ClInclude Include="X2CashShop.h">
      <Filter>헤더 파일</Filter>
    </ClInclude>
    <ClInclude Include="X2Channel.h">
      <Filter>헤더 파일</Filter>
    </ClInclude>
    <ClInclude Include="X2ChannelManager.h">
      <Filter>헤더 파일</Filter>
    </ClInclude>
    <ClInclude Include="X2CharacterRoom.h">
      <Filter>헤더 파일</Filter>
    </ClInclude>
    <ClInclude Include="X2CharPopupMenu.h">
      <Filter>헤더 파일</Filter>
    </ClInclude>
    <ClInclude Include="X2ChatBox.h">
      <Filter>헤더 파일</Filter>
    </ClInclude>
    <ClInclude Include="X2ChatWindow.h">
      <Filter>헤더 파일</Filter>
    </ClInclude>
    <ClInclude Include="X2CheckSumManager.h">
      <Filter>헤더 파일</Filter>
    </ClInclude>
    <ClInclude Include="X2ComboGuide.h">
      <Filter>헤더 파일</Filter>
    </ClInclude>
    <ClInclude Include="X2ComboManager.h">
      <Filter>헤더 파일</Filter>
    </ClInclude>
    <ClInclude Include="X2ComboTree.h">
      <Filter>헤더 파일</Filter>
    </ClInclude>
    <ClInclude Include="X2Community.h">
      <Filter>헤더 파일</Filter>
    </ClInclude>
    <ClInclude Include="X2CouponBox.h">
      <Filter>헤더 파일</Filter>
    </ClInclude>
    <ClInclude Include="X2Cursor.h">
      <Filter>헤더 파일</Filter>
    </ClInclude>
    <ClInclude Include="X2Curtain.h">
      <Filter>헤더 파일</Filter>
    </ClInclude>
    <ClInclude Include="X2DamageEffect.h">
      <Filter>헤더 파일</Filter>
    </ClInclude>
    <ClInclude Include="X2DamageManager.h">
      <Filter>헤더 파일</Filter>
    </ClInclude>
    <ClInclude Include="X2Data.h">
      <Filter>헤더 파일</Filter>
    </ClInclude>
    <ClInclude Include="X2Define.h">
      <Filter>헤더 파일</Filter>
    </ClInclude>
    <ClInclude Include="X2DLLManager.h">
      <Filter>헤더 파일</Filter>
    </ClInclude>
    <ClInclude Include="X2DropItemManager.h">
      <Filter>헤더 파일</Filter>
    </ClInclude>
    <ClInclude Include="X2DummyServer.h">
      <Filter>헤더 파일</Filter>
    </ClInclude>
    <ClInclude Include="X2Dungeon.h">
      <Filter>헤더 파일</Filter>
    </ClInclude>
    <ClInclude Include="X2DungeonGame.h">
      <Filter>헤더 파일</Filter>
    </ClInclude>
    <ClInclude Include="X2DungeonManager.h">
      <Filter>헤더 파일</Filter>
    </ClInclude>
    <ClInclude Include="X2DungeonRoom.h">
      <Filter>헤더 파일</Filter>
    </ClInclude>
    <ClInclude Include="X2DungeonStage.h">
      <Filter>헤더 파일</Filter>
    </ClInclude>
    <ClInclude Include="X2DungeonSubStage.h">
      <Filter>헤더 파일</Filter>
    </ClInclude>
    <ClInclude Include="X2EffectSet.h">
      <Filter>헤더 파일</Filter>
    </ClInclude>
    <ClInclude Include="X2EnchantItem.h">
      <Filter>헤더 파일</Filter>
    </ClInclude>
    <ClInclude Include="X2Eqip.h">
      <Filter>헤더 파일</Filter>
    </ClInclude>
    <ClInclude Include="X2EventScene.h">
      <Filter>헤더 파일</Filter>
    </ClInclude>
    <ClInclude Include="X2EXPTable.h">
      <Filter>헤더 파일</Filter>
    </ClInclude>
    <ClInclude Include="X2FieldMapBase.h">
      <Filter>헤더 파일</Filter>
    </ClInclude>
    <ClInclude Include="X2FieldMiniMap.h">
      <Filter>헤더 파일</Filter>
    </ClInclude>
    <ClInclude Include="X2GageManager.h">
      <Filter>헤더 파일</Filter>
    </ClInclude>
    <ClInclude Include="X2Game.h">
      <Filter>헤더 파일</Filter>
    </ClInclude>
    <ClInclude Include="X2GameEdit.h">
      <Filter>헤더 파일</Filter>
    </ClInclude>
    <ClInclude Include="X2GameLoadingTip.h">
      <Filter>헤더 파일</Filter>
    </ClInclude>
    <ClInclude Include="X2GameOption.h">
      <Filter>헤더 파일</Filter>
    </ClInclude>
    <ClInclude Include="X2GameUnit.h">
      <Filter>헤더 파일</Filter>
    </ClInclude>
    <ClInclude Include="X2GameUnitTestCase.h">
      <Filter>헤더 파일</Filter>
    </ClInclude>
    <ClInclude Include="X2GUArme_VioletMage.h">
      <Filter>헤더 파일</Filter>
    </ClInclude>
    <ClInclude Include="X2GUChung.h">
      <Filter>헤더 파일</Filter>
    </ClInclude>
    <ClInclude Include="X2GUElsword_SwordMan.h">
      <Filter>헤더 파일</Filter>
    </ClInclude>
    <ClInclude Include="X2GuEve.h">
      <Filter>헤더 파일</Filter>
    </ClInclude>
    <ClInclude Include="X2GuildManager.h">
      <Filter>헤더 파일</Filter>
    </ClInclude>
    <ClInclude Include="X2GULire_ElvenRanger.h">
      <Filter>헤더 파일</Filter>
    </ClInclude>
    <ClInclude Include="X2GUNPC.h">
      <Filter>헤더 파일</Filter>
    </ClInclude>
    <ClInclude Include="X2GUNPCAI.h">
      <Filter>헤더 파일</Filter>
    </ClInclude>
    <ClInclude Include="X2GUNPCFunc.h">
      <Filter>헤더 파일</Filter>
    </ClInclude>
    <ClInclude Include="X2GURaven.h">
      <Filter>헤더 파일</Filter>
    </ClInclude>
    <ClInclude Include="X2GUUser.h">
      <Filter>헤더 파일</Filter>
    </ClInclude>
    <ClInclude Include="X2HSGame.h">
      <Filter>헤더 파일</Filter>
    </ClInclude>
    <ClInclude Include="X2IGA.h">
      <Filter>헤더 파일</Filter>
    </ClInclude>
    <ClInclude Include="X2Informer.h">
      <Filter>헤더 파일</Filter>
    </ClInclude>
    <ClInclude Include="X2InformerCashShop.h">
      <Filter>헤더 파일</Filter>
    </ClInclude>
    <ClInclude Include="X2InformerGuildExp.h">
      <Filter>헤더 파일</Filter>
    </ClInclude>
    <ClInclude Include="X2InformerInven.h">
      <Filter>헤더 파일</Filter>
    </ClInclude>
    <ClInclude Include="X2InformerManager.h">
      <Filter>헤더 파일</Filter>
    </ClInclude>
    <ClInclude Include="X2InformerQuest.h">
      <Filter>헤더 파일</Filter>
    </ClInclude>
    <ClInclude Include="X2InformerSkill.h">
      <Filter>헤더 파일</Filter>
    </ClInclude>
    <ClInclude Include="X2InstanceData.h">
      <Filter>헤더 파일</Filter>
    </ClInclude>
    <ClInclude Include="X2Inventory.h">
      <Filter>헤더 파일</Filter>
    </ClInclude>
    <ClInclude Include="X2Item.h">
      <Filter>헤더 파일</Filter>
    </ClInclude>
    <ClInclude Include="X2ItemCheatPopUp.h">
      <Filter>헤더 파일</Filter>
    </ClInclude>
    <ClInclude Include="X2ItemManager.h">
      <Filter>헤더 파일</Filter>
    </ClInclude>
    <ClInclude Include="X2ItemSlotManager.h">
      <Filter>헤더 파일</Filter>
    </ClInclude>
    <ClInclude Include="X2KNPGame.h">
      <Filter>헤더 파일</Filter>
    </ClInclude>
    <ClInclude Include="X2LocalMapUI.h">
      <Filter>헤더 파일</Filter>
    </ClInclude>
    <ClInclude Include="X2LocationManager.h">
      <Filter>헤더 파일</Filter>
    </ClInclude>
    <ClInclude Include="X2LVUpEventMgr.h">
      <Filter>헤더 파일</Filter>
    </ClInclude>
    <ClInclude Include="X2Main.h">
      <Filter>헤더 파일</Filter>
    </ClInclude>
    <ClInclude Include="X2MemoryHolder.h">
      <Filter>헤더 파일</Filter>
    </ClInclude>
    <ClInclude Include="X2MiniMap.h">
      <Filter>헤더 파일</Filter>
    </ClInclude>
    <ClInclude Include="X2MiniMapUI.h">
      <Filter>헤더 파일</Filter>
    </ClInclude>
    <ClInclude Include="X2MonsterIndicator.h">
      <Filter>헤더 파일</Filter>
    </ClInclude>
    <ClInclude Include="X2NetError.h">
      <Filter>헤더 파일</Filter>
    </ClInclude>
    <ClInclude Include="X2NexonMsgHandler.h">
      <Filter>헤더 파일</Filter>
    </ClInclude>
    <ClInclude Include="X2NoticeManager.h">
      <Filter>헤더 파일</Filter>
    </ClInclude>
    <ClInclude Include="X2NoviceGuide.h">
      <Filter>헤더 파일</Filter>
    </ClInclude>
    <ClInclude Include="X2NPCAI.h">
      <Filter>헤더 파일</Filter>
    </ClInclude>
    <ClInclude Include="X2NPCUnitViewerUI.h">
      <Filter>헤더 파일</Filter>
    </ClInclude>
    <ClInclude Include="X2NumbersToLanguage.h">
      <Filter>헤더 파일</Filter>
    </ClInclude>
    <ClInclude Include="X2Packet.h">
      <Filter>헤더 파일</Filter>
    </ClInclude>
    <ClInclude Include="X2PacketLog.h">
      <Filter>헤더 파일</Filter>
    </ClInclude>
    <ClInclude Include="X2PageManager.h">
      <Filter>헤더 파일</Filter>
    </ClInclude>
    <ClInclude Include="X2PageMgrItem.h">
      <Filter>헤더 파일</Filter>
    </ClInclude>
    <ClInclude Include="X2PartyManager.h">
      <Filter>헤더 파일</Filter>
    </ClInclude>
    <ClInclude Include="X2PartyUI.h">
      <Filter>헤더 파일</Filter>
    </ClInclude>
    <ClInclude Include="X2Pet.h">
      <Filter>헤더 파일</Filter>
    </ClInclude>
    <ClInclude Include="X2PetAI.h">
      <Filter>헤더 파일</Filter>
    </ClInclude>
    <ClInclude Include="X2PetManager.h">
      <Filter>헤더 파일</Filter>
    </ClInclude>
    <ClInclude Include="X2PostBox.h">
      <Filter>헤더 파일</Filter>
    </ClInclude>
    <ClInclude Include="X2PVPEmblem.h">
      <Filter>헤더 파일</Filter>
    </ClInclude>
    <ClInclude Include="X2PVPGame.h">
      <Filter>헤더 파일</Filter>
    </ClInclude>
    <ClInclude Include="X2PVPGameSurvival.h">
      <Filter>헤더 파일</Filter>
    </ClInclude>
    <ClInclude Include="X2PVPGameTeam.h">
      <Filter>헤더 파일</Filter>
    </ClInclude>
    <ClInclude Include="X2PVPGameTeamDeath.h">
      <Filter>헤더 파일</Filter>
    </ClInclude>
    <ClInclude Include="X2PVPResultTable.h">
      <Filter>헤더 파일</Filter>
    </ClInclude>
    <ClInclude Include="X2PVPRoom.h">
      <Filter>헤더 파일</Filter>
    </ClInclude>
    <ClInclude Include="X2QuestManager.h">
      <Filter>헤더 파일</Filter>
    </ClInclude>
    <ClInclude Include="X2RewardTable.h">
      <Filter>헤더 파일</Filter>
    </ClInclude>
    <ClInclude Include="X2Room.h">
      <Filter>헤더 파일</Filter>
    </ClInclude>
    <ClInclude Include="X2ServerEvent.h">
      <Filter>헤더 파일</Filter>
    </ClInclude>
    <ClInclude Include="X2ServerEventDef.h">
      <Filter>헤더 파일</Filter>
    </ClInclude>
    <ClInclude Include="X2ServerPacket.h">
      <Filter>헤더 파일</Filter>
    </ClInclude>
    <ClInclude Include="X2ServerPacketDef.h">
      <Filter>헤더 파일</Filter>
    </ClInclude>
    <ClInclude Include="X2SimplePathFinder.h">
      <Filter>헤더 파일</Filter>
    </ClInclude>
    <ClInclude Include="X2SkillTree.h">
      <Filter>헤더 파일</Filter>
    </ClInclude>
    <ClInclude Include="X2SlideShot.h">
      <Filter>헤더 파일</Filter>
    </ClInclude>
    <ClInclude Include="X2SlotItem.h">
      <Filter>헤더 파일</Filter>
    </ClInclude>
    <ClInclude Include="X2SlotManager.h">
      <Filter>헤더 파일</Filter>
    </ClInclude>
    <ClInclude Include="X2SMTPMail.h">
      <Filter>헤더 파일</Filter>
    </ClInclude>
    <ClInclude Include="X2SocketItem.h">
      <Filter>헤더 파일</Filter>
    </ClInclude>
    <ClInclude Include="X2SoundCloseManager.h">
      <Filter>헤더 파일</Filter>
    </ClInclude>
    <ClInclude Include="X2SquareGame.h">
      <Filter>헤더 파일</Filter>
    </ClInclude>
    <ClInclude Include="X2SquareUnit.h">
      <Filter>헤더 파일</Filter>
    </ClInclude>
    <ClInclude Include="X2Stat.h">
      <Filter>헤더 파일</Filter>
    </ClInclude>
    <ClInclude Include="X2State.h">
      <Filter>헤더 파일</Filter>
    </ClInclude>
    <ClInclude Include="X2StateAutoChanger.h">
      <Filter>헤더 파일</Filter>
    </ClInclude>
    <ClInclude Include="X2StateBeginning.h">
      <Filter>헤더 파일</Filter>
    </ClInclude>
    <ClInclude Include="X2StateClassChange.h">
      <Filter>헤더 파일</Filter>
    </ClInclude>
    <ClInclude Include="X2StateCommonBG.h">
      <Filter>헤더 파일</Filter>
    </ClInclude>
    <ClInclude Include="X2StateCreateUnit.h">
      <Filter>헤더 파일</Filter>
    </ClInclude>
    <ClInclude Include="X2StateDungeonGame.h">
      <Filter>헤더 파일</Filter>
    </ClInclude>
    <ClInclude Include="X2StateDungeonResult.h">
      <Filter>헤더 파일</Filter>
    </ClInclude>
    <ClInclude Include="X2StateDungeonRoom.h">
      <Filter>헤더 파일</Filter>
    </ClInclude>
    <ClInclude Include="X2StateField.h">
      <Filter>헤더 파일</Filter>
    </ClInclude>
    <ClInclude Include="X2StateJoin.h">
      <Filter>헤더 파일</Filter>
    </ClInclude>
    <ClInclude Include="X2StateLoading.h">
      <Filter>헤더 파일</Filter>
    </ClInclude>
    <ClInclude Include="X2StateLogin.h">
      <Filter>헤더 파일</Filter>
    </ClInclude>
    <ClInclude Include="X2StateMenu.h">
      <Filter>헤더 파일</Filter>
    </ClInclude>
    <ClInclude Include="X2StateOption.h">
      <Filter>헤더 파일</Filter>
    </ClInclude>
    <ClInclude Include="X2StatePVPGame.h">
      <Filter>헤더 파일</Filter>
    </ClInclude>
    <ClInclude Include="X2StatePvPLobby.h">
      <Filter>헤더 파일</Filter>
    </ClInclude>
    <ClInclude Include="X2StatePVPResult.h">
      <Filter>헤더 파일</Filter>
    </ClInclude>
    <ClInclude Include="X2StatePVPRoom.h">
      <Filter>헤더 파일</Filter>
    </ClInclude>
    <ClInclude Include="X2StateServerSelect.h">
      <Filter>헤더 파일</Filter>
    </ClInclude>
    <ClInclude Include="X2StateSquareGame.h">
      <Filter>헤더 파일</Filter>
    </ClInclude>
    <ClInclude Include="X2StateStartUp.h">
      <Filter>헤더 파일</Filter>
    </ClInclude>
    <ClInclude Include="X2StateTrainingGame.h">
      <Filter>헤더 파일</Filter>
    </ClInclude>
    <ClInclude Include="X2StateTrainingResult.h">
      <Filter>헤더 파일</Filter>
    </ClInclude>
    <ClInclude Include="X2StateTrainingSchool.h">
      <Filter>헤더 파일</Filter>
    </ClInclude>
    <ClInclude Include="X2StateUnitSelect.h">
      <Filter>헤더 파일</Filter>
    </ClInclude>
    <ClInclude Include="X2StringFilter.h">
      <Filter>헤더 파일</Filter>
    </ClInclude>
    <ClInclude Include="X2Struct.h">
      <Filter>헤더 파일</Filter>
    </ClInclude>
    <ClInclude Include="X2SubEquip.h">
      <Filter>헤더 파일</Filter>
    </ClInclude>
    <ClInclude Include="X2SystemInfo.h">
      <Filter>헤더 파일</Filter>
    </ClInclude>
    <ClInclude Include="X2TalkBoxManager.h">
      <Filter>헤더 파일</Filter>
    </ClInclude>
    <ClInclude Include="X2TalkBoxManagerImp.h">
      <Filter>헤더 파일</Filter>
    </ClInclude>
    <ClInclude Include="X2TalkBoxManagerImpPartyLeader.h">
      <Filter>헤더 파일</Filter>
    </ClInclude>
    <ClInclude Include="X2TalkBoxManagerImpPShop.h">
      <Filter>헤더 파일</Filter>
    </ClInclude>
    <ClInclude Include="X2TalkBoxManagerUI.h">
      <Filter>헤더 파일</Filter>
    </ClInclude>
    <ClInclude Include="X2TextManager.h">
      <Filter>헤더 파일</Filter>
    </ClInclude>
    <ClInclude Include="X2TFieldGame.h">
      <Filter>헤더 파일</Filter>
    </ClInclude>
    <ClInclude Include="X2TFieldNpc.h">
      <Filter>헤더 파일</Filter>
    </ClInclude>
    <ClInclude Include="X2TFieldNpcShop.h">
      <Filter>헤더 파일</Filter>
    </ClInclude>
    <ClInclude Include="X2TitleManager.h">
      <Filter>헤더 파일</Filter>
    </ClInclude>
    <ClInclude Include="X2TitleSystem.h">
      <Filter>헤더 파일</Filter>
    </ClInclude>
    <ClInclude Include="X2TrainingCenterTable.h">
      <Filter>헤더 파일</Filter>
    </ClInclude>
    <ClInclude Include="X2TrainingGameUI.h">
      <Filter>헤더 파일</Filter>
    </ClInclude>
    <ClInclude Include="X2TutorSystem.h">
      <Filter>헤더 파일</Filter>
    </ClInclude>
    <ClInclude Include="X2UDPPacket.h">
      <Filter>헤더 파일</Filter>
    </ClInclude>
    <ClInclude Include="X2UICharInfo.h">
      <Filter>헤더 파일</Filter>
    </ClInclude>
    <ClInclude Include="X2UIComboTree.h">
      <Filter>헤더 파일</Filter>
    </ClInclude>
    <ClInclude Include="X2UIDragable.h">
      <Filter>헤더 파일</Filter>
    </ClInclude>
    <ClInclude Include="X2UIEnduranceChecker.h">
      <Filter>헤더 파일</Filter>
    </ClInclude>
    <ClInclude Include="X2UIGuild.h">
      <Filter>헤더 파일</Filter>
    </ClInclude>
    <ClInclude Include="X2UIGuildBoard.h">
      <Filter>헤더 파일</Filter>
    </ClInclude>
    <ClInclude Include="X2UIGuildSkillTree.h">
      <Filter>헤더 파일</Filter>
    </ClInclude>
    <ClInclude Include="X2UIGuildSkillTreeInfo.h">
      <Filter>헤더 파일</Filter>
    </ClInclude>
    <ClInclude Include="X2UIInventory.h">
      <Filter>헤더 파일</Filter>
    </ClInclude>
    <ClInclude Include="X2UIItemExchangeShop.h">
      <Filter>헤더 파일</Filter>
    </ClInclude>
    <ClInclude Include="X2UIManager.h">
      <Filter>헤더 파일</Filter>
    </ClInclude>
    <ClInclude Include="X2UIManufacture.h">
      <Filter>헤더 파일</Filter>
    </ClInclude>
    <ClInclude Include="X2UIPersonalShop.h">
      <Filter>헤더 파일</Filter>
    </ClInclude>
    <ClInclude Include="X2UIPersonalShopBoard.h">
      <Filter>헤더 파일</Filter>
    </ClInclude>
    <ClInclude Include="X2UIPersonalTrade.h">
      <Filter>헤더 파일</Filter>
    </ClInclude>
    <ClInclude Include="X2UIPetInfo.h">
      <Filter>헤더 파일</Filter>
    </ClInclude>
    <ClInclude Include="X2UIPrivateBank.h">
      <Filter>헤더 파일</Filter>
    </ClInclude>
    <ClInclude Include="X2UIQuest.h">
      <Filter>헤더 파일</Filter>
    </ClInclude>
    <ClInclude Include="X2UIQuestNew.h">
      <Filter>헤더 파일</Filter>
    </ClInclude>
    <ClInclude Include="X2UIQuestReceive.h">
      <Filter>헤더 파일</Filter>
    </ClInclude>
    <ClInclude Include="X2UIQuickSlot.h">
      <Filter>헤더 파일</Filter>
    </ClInclude>
    <ClInclude Include="X2UIRankingInfo.h">
      <Filter>헤더 파일</Filter>
    </ClInclude>
    <ClInclude Include="X2UIShop.h">
      <Filter>헤더 파일</Filter>
    </ClInclude>
    <ClInclude Include="X2UISkillNote.h">
      <Filter>헤더 파일</Filter>
    </ClInclude>
    <ClInclude Include="X2UISocketItem.h">
      <Filter>헤더 파일</Filter>
    </ClInclude>
    <ClInclude Include="X2UITempInventory.h">
      <Filter>헤더 파일</Filter>
    </ClInclude>
    <ClInclude Include="X2UIUnit.h">
      <Filter>헤더 파일</Filter>
    </ClInclude>
    <ClInclude Include="X2UIUnitManager.h">
      <Filter>헤더 파일</Filter>
    </ClInclude>
    <ClInclude Include="X2UIWatch.h">
      <Filter>헤더 파일</Filter>
    </ClInclude>
    <ClInclude Include="X2UIWorldMission.h">
      <Filter>헤더 파일</Filter>
    </ClInclude>
    <ClInclude Include="X2Unit.h">
      <Filter>헤더 파일</Filter>
    </ClInclude>
    <ClInclude Include="X2UnitLoader.h">
      <Filter>헤더 파일</Filter>
    </ClInclude>
    <ClInclude Include="X2UnitManager.h">
      <Filter>헤더 파일</Filter>
    </ClInclude>
    <ClInclude Include="X2UnitSlashTraceManager.h">
      <Filter>헤더 파일</Filter>
    </ClInclude>
    <ClInclude Include="X2UnitViewerUI.h">
      <Filter>헤더 파일</Filter>
    </ClInclude>
    <ClInclude Include="X2User.h">
      <Filter>헤더 파일</Filter>
    </ClInclude>
    <ClInclude Include="X2UserListPopUp.h">
      <Filter>헤더 파일</Filter>
    </ClInclude>
    <ClInclude Include="X2UserSkillTree.h">
      <Filter>헤더 파일</Filter>
    </ClInclude>
    <ClInclude Include="X2WordBook.h">
      <Filter>헤더 파일</Filter>
    </ClInclude>
    <ClInclude Include="X2World.h">
      <Filter>헤더 파일</Filter>
    </ClInclude>
    <ClInclude Include="X2WorldFieldMap.h">
      <Filter>헤더 파일</Filter>
    </ClInclude>
    <ClInclude Include="X2WorldLayer.h">
      <Filter>헤더 파일</Filter>
    </ClInclude>
    <ClInclude Include="X2WorldManager.h">
      <Filter>헤더 파일</Filter>
    </ClInclude>
    <ClInclude Include="X2WorldMapUI.h">
      <Filter>헤더 파일</Filter>
    </ClInclude>
    <ClInclude Include="X2WorldMissionManager.h">
      <Filter>헤더 파일</Filter>
    </ClInclude>
    <ClInclude Include="X2WorldObject.h">
      <Filter>헤더 파일</Filter>
    </ClInclude>
    <ClInclude Include="X2WorldObjectLightFlow.h">
      <Filter>헤더 파일</Filter>
    </ClInclude>
    <ClInclude Include="X2WorldObjectMesh.h">
      <Filter>헤더 파일</Filter>
    </ClInclude>
    <ClInclude Include="X2WorldObjectParticle.h">
      <Filter>헤더 파일</Filter>
    </ClInclude>
    <ClInclude Include="X2WorldObjectReactMesh.h">
      <Filter>헤더 파일</Filter>
    </ClInclude>
    <ClInclude Include="X2WorldObjectSkinMesh.h">
      <Filter>헤더 파일</Filter>
    </ClInclude>
    <ClInclude Include="X2SecurityPad.h">
      <Filter>헤더 파일</Filter>
    </ClInclude>
    <ClInclude Include="define.h">
      <Filter>헤더 파일</Filter>
    </ClInclude>
    <ClInclude Include="HttpSession.h">
      <Filter>헤더 파일</Filter>
    </ClInclude>
    <ClInclude Include="SHA1.h">
      <Filter>헤더 파일</Filter>
    </ClInclude>
    <ClInclude Include="Types.h">
      <Filter>헤더 파일</Filter>
    </ClInclude>
    <ClInclude Include="X2PremiumBuffManager.h">
      <Filter>헤더 파일</Filter>
    </ClInclude>
    <ClInclude Include="MachineIdLib.h">
      <Filter>헤더 파일</Filter>
    </ClInclude>
    <ClInclude Include="X2DeparturePrevention.h">
      <Filter>헤더 파일</Filter>
    </ClInclude>
    <ClInclude Include="bandicap.h">
      <Filter>헤더 파일</Filter>
    </ClInclude>
    <ClInclude Include="X2CollectHackInfo.h">
      <Filter>헤더 파일</Filter>
    </ClInclude>
    <ClInclude Include="X2StateBattleField.h">
      <Filter>헤더 파일</Filter>
    </ClInclude>
    <ClInclude Include="X2BattleFieldGame.h">
      <Filter>헤더 파일</Filter>
    </ClInclude>
    <ClInclude Include="X2BattleFieldRoom.h">
      <Filter>헤더 파일</Filter>
    </ClInclude>
    <ClInclude Include="X2BattleFieldManager.h">
      <Filter>헤더 파일</Filter>
    </ClInclude>
    <ClInclude Include="X2BattleFieldNpcAi.h">
      <Filter>헤더 파일</Filter>
    </ClInclude>
    <ClInclude Include="X2GageUI.h">
      <Filter>헤더 파일</Filter>
    </ClInclude>
    <ClInclude Include="X2GageData.h">
      <Filter>헤더 파일</Filter>
    </ClInclude>
    <ClInclude Include="X2PopupUIBase.h">
      <Filter>헤더 파일</Filter>
    </ClInclude>
    <ClInclude Include="X2KeyPad.h">
      <Filter>헤더 파일</Filter>
    </ClInclude>
    <ClInclude Include="X2PlayGuide.h">
      <Filter>헤더 파일</Filter>
    </ClInclude>
    <ClInclude Include="X2BuffFactor.h">
      <Filter>헤더 파일</Filter>
    </ClInclude>
    <ClInclude Include="X2BuffBehaviorTemplet.h">
      <Filter>헤더 파일</Filter>
    </ClInclude>
    <ClInclude Include="X2BuffFinalizerTemplet.h">
      <Filter>헤더 파일</Filter>
    </ClInclude>
    <ClInclude Include="X2BuffTemplet.h">
      <Filter>헤더 파일</Filter>
    </ClInclude>
    <ClInclude Include="X2BuffTempletManager.h">
      <Filter>헤더 파일</Filter>
    </ClInclude>
    <ClInclude Include="X2NPCIndicator.h">
      <Filter>헤더 파일</Filter>
    </ClInclude>
    <ClInclude Include="X2UIBingo.h">
      <Filter>헤더 파일</Filter>
    </ClInclude>
    <ClInclude Include="X2BuffDisplayerTemplet.h">
      <Filter>헤더 파일</Filter>
    </ClInclude>
    <ClInclude Include="X2GUAra.h">
      <Filter>헤더 파일</Filter>
    </ClInclude>
    <ClInclude Include="X2ComboAndSkillChainSystem.h">
      <Filter>헤더 파일</Filter>
    </ClInclude>
    <ClInclude Include="X2UIResolveItem.h">
      <Filter>헤더 파일</Filter>
    </ClInclude>
    <ClInclude Include="X2UISynthesis.h">
      <Filter>헤더 파일</Filter>
    </ClInclude>
    <ClInclude Include="OnlyGlobal\JP\Auth\PurpleForClient.h">
      <Filter>헤더 파일</Filter>
    </ClInclude>
    <ClInclude Include="KOGGamePerformanceCheckPort.h">
      <Filter>헤더 파일</Filter>
    </ClInclude>
    <ClInclude Include="X2CubeOpenImageManager.h">
      <Filter>헤더 파일</Filter>
    </ClInclude>
    <ClInclude Include="X2FrameUDPPack.h">
      <Filter>헤더 파일</Filter>
    </ClInclude>
    <ClInclude Include="X2ProfileManager.h">
      <Filter>헤더 파일</Filter>
    </ClInclude>
    <ClInclude Include="X2UIHeroMatch.h">
      <Filter>헤더 파일</Filter>
    </ClInclude>
    <ClInclude Include="X2RelationshipManager.h">
      <Filter>헤더 파일</Filter>
    </ClInclude>
    <ClInclude Include="X2UIRelationship.h">
      <Filter>헤더 파일</Filter>
    </ClInclude>
    <ClInclude Include="X2WeddingGame.h">
      <Filter>헤더 파일</Filter>
    </ClInclude>
    <ClInclude Include="X2StateWeddingGame.h">
      <Filter>헤더 파일</Filter>
    </ClInclude>
    <ClInclude Include="X2RidingPet.h">
      <Filter>헤더 파일</Filter>
    </ClInclude>
    <ClInclude Include="X2RidingPetManager.h">
      <Filter>헤더 파일</Filter>
    </ClInclude>
    <ClInclude Include="X2RidingPetSkillSlot.h">
      <Filter>헤더 파일</Filter>
    </ClInclude>
    <ClInclude Include="X2WeddingManager.h">
      <Filter>헤더 파일</Filter>
    </ClInclude>
    <ClInclude Include="X2ItemStatCalculator.h">
      <Filter>소스 파일</Filter>
    </ClInclude>
    <ClInclude Include="X2EmblemManager.h">
      <Filter>헤더 파일</Filter>
    </ClInclude>
    <ClInclude Include="X2UISkillTreeNew.h">
      <Filter>헤더 파일</Filter>
    </ClInclude>
    <ClInclude Include="X2GUEl.h">
      <Filter>헤더 파일</Filter>
    </ClInclude>
    <ClInclude Include="WordWrap.h">
      <Filter>헤더 파일</Filter>
    </ClInclude>
    <ClInclude Include="OnlyGlobal\ID\NetCafe\AESCryptManager.h">
      <Filter>헤더 파일</Filter>
    </ClInclude>
    <ClInclude Include="OnlyGlobal\ID\NetCafe\pmDesEx.h">
      <Filter>헤더 파일</Filter>
    </ClInclude>
    <ClInclude Include="onlyglobal\id\nmclientauthlib\nmclientauthlib.h">
      <Filter>헤더 파일</Filter>
    </ClInclude>
    <ClInclude Include="onlyglobal\id\nmrunparamlib\nmrunparamlib.h">
      <Filter>헤더 파일</Filter>
    </ClInclude>
    <ClInclude Include="onlyglobal\id\ssoweblib\ssoweblib.h">
      <Filter>헤더 파일</Filter>
    </ClInclude>
    <ClInclude Include="BasicExcel.hpp">
      <Filter>헤더 파일</Filter>
    </ClInclude>
    <ClInclude Include="..\XTRAP\Client\Xtrap_C_Interface.h">
      <Filter>헤더 파일</Filter>
    </ClInclude>
    <ClInclude Include="..\Steamworks\isteamapps.h">
      <Filter>헤더 파일</Filter>
    </ClInclude>
    <ClInclude Include="..\Steamworks\isteamappticket.h">
      <Filter>헤더 파일</Filter>
    </ClInclude>
    <ClInclude Include="..\Steamworks\isteamclient.h">
      <Filter>헤더 파일</Filter>
    </ClInclude>
    <ClInclude Include="..\Steamworks\isteamfriends.h">
      <Filter>헤더 파일</Filter>
    </ClInclude>
    <ClInclude Include="..\Steamworks\isteamgamecoordinator.h">
      <Filter>헤더 파일</Filter>
    </ClInclude>
    <ClInclude Include="..\Steamworks\isteamgameserver.h">
      <Filter>헤더 파일</Filter>
    </ClInclude>
    <ClInclude Include="..\Steamworks\isteamgameserverstats.h">
      <Filter>헤더 파일</Filter>
    </ClInclude>
    <ClInclude Include="..\Steamworks\isteamhttp.h">
      <Filter>헤더 파일</Filter>
    </ClInclude>
    <ClInclude Include="..\Steamworks\isteammasterserverupdater.h">
      <Filter>헤더 파일</Filter>
    </ClInclude>
    <ClInclude Include="..\Steamworks\isteammatchmaking.h">
      <Filter>헤더 파일</Filter>
    </ClInclude>
    <ClInclude Include="..\Steamworks\isteamnetworking.h">
      <Filter>헤더 파일</Filter>
    </ClInclude>
    <ClInclude Include="..\Steamworks\isteamps3overlayrenderer.h">
      <Filter>헤더 파일</Filter>
    </ClInclude>
    <ClInclude Include="..\Steamworks\isteamremotestorage.h">
      <Filter>헤더 파일</Filter>
    </ClInclude>
    <ClInclude Include="..\Steamworks\isteamscreenshots.h">
      <Filter>헤더 파일</Filter>
    </ClInclude>
    <ClInclude Include="..\Steamworks\isteamunifiedmessages.h">
      <Filter>헤더 파일</Filter>
    </ClInclude>
    <ClInclude Include="..\Steamworks\isteamuser.h">
      <Filter>헤더 파일</Filter>
    </ClInclude>
    <ClInclude Include="..\Steamworks\isteamuserstats.h">
      <Filter>헤더 파일</Filter>
    </ClInclude>
    <ClInclude Include="..\Steamworks\isteamutils.h">
      <Filter>헤더 파일</Filter>
    </ClInclude>
    <ClInclude Include="..\Steamworks\matchmakingtypes.h">
      <Filter>헤더 파일</Filter>
    </ClInclude>
    <ClInclude Include="..\Steamworks\steamclientpublic.h">
      <Filter>헤더 파일</Filter>
    </ClInclude>
    <ClInclude Include="..\Steamworks\steamencryptedappticket.h">
      <Filter>헤더 파일</Filter>
    </ClInclude>
    <ClInclude Include="..\Steamworks\steamhttpenums.h">
      <Filter>헤더 파일</Filter>
    </ClInclude>
    <ClInclude Include="..\Steamworks\steamps3params.h">
      <Filter>헤더 파일</Filter>
    </ClInclude>
    <ClInclude Include="..\Steamworks\steamtypes.h">
      <Filter>헤더 파일</Filter>
    </ClInclude>
    <ClInclude Include="..\Steamworks\steam_api.h">
      <Filter>헤더 파일</Filter>
    </ClInclude>
    <ClInclude Include="..\Steamworks\steam_gameserver.h">
      <Filter>헤더 파일</Filter>
    </ClInclude>
    <ClInclude Include="X2Steam.h">
      <Filter>헤더 파일</Filter>
    </ClInclude>
    <ClInclude Include="X2GlobalMissionManager.h">
      <Filter>헤더 파일</Filter>
    </ClInclude>
    <ClInclude Include="X2UIGlobalMission.h">
      <Filter>헤더 파일</Filter>
    </ClInclude>
  </ItemGroup>
  <ItemGroup>
    <Library Include="OnlyGlobal\JP\Auth\PurpleForClientD.lib" />
    <Library Include="OnlyGlobal\JP\Auth\PurpleForClient.lib" />
  </ItemGroup>
  <ItemGroup>
    <None Include="ReadMe.txt" />
    <None Include="X2Item_Preprocessing.inl">
      <Filter>헤더 파일</Filter>
    </None>
    <None Include="X2ItemManager_Preprocessing.inl">
      <Filter>헤더 파일</Filter>
    </None>
  </ItemGroup>
  <ItemGroup>
    <CustomBuildStep Include="MailMIME.lib">
      <Filter>LIB</Filter>
    </CustomBuildStep>
    <CustomBuildStep Include="MailSMTP.lib">
      <Filter>LIB</Filter>
    </CustomBuildStep>
    <CustomBuildStep Include="NexonModule.lib">
      <Filter>LIB</Filter>
    </CustomBuildStep>
    <CustomBuildStep Include="NexonModuleD.lib">
      <Filter>LIB</Filter>
    </CustomBuildStep>
    <CustomBuildStep Include="nexonmoduled.pdb">
      <Filter>LIB</Filter>
    </CustomBuildStep>
    <CustomBuildStep Include="X2ServerProtocol.lib">
      <Filter>LIB</Filter>
    </CustomBuildStep>
    <CustomBuildStep Include="x2serverprotocol.pdb">
      <Filter>LIB</Filter>
    </CustomBuildStep>
    <CustomBuildStep Include="X2ServerProtocolD.lib">
      <Filter>LIB</Filter>
    </CustomBuildStep>
    <CustomBuildStep Include="x2serverprotocold.pdb">
      <Filter>LIB</Filter>
    </CustomBuildStep>
  </ItemGroup>
  <ItemGroup>
    <ClCompile Include="base64.cpp">
      <Filter>소스 파일</Filter>
    </ClCompile>
    <ClCompile Include="stdafx.cpp">
      <Filter>소스 파일</Filter>
    </ClCompile>
    <ClCompile Include="X2AllyNPCAI.cpp">
      <Filter>소스 파일</Filter>
    </ClCompile>
    <ClCompile Include="X2BaseUnitViewerUI.cpp">
      <Filter>소스 파일</Filter>
    </ClCompile>
    <ClCompile Include="X2BeginningGame.cpp">
      <Filter>소스 파일</Filter>
    </ClCompile>
    <ClCompile Include="X2Book.cpp">
      <Filter>소스 파일</Filter>
    </ClCompile>
    <ClCompile Include="X2Camera.cpp">
      <Filter>소스 파일</Filter>
    </ClCompile>
    <ClCompile Include="X2CashShop.cpp">
      <Filter>소스 파일</Filter>
    </ClCompile>
    <ClCompile Include="X2Channel.cpp">
      <Filter>소스 파일</Filter>
    </ClCompile>
    <ClCompile Include="X2ChannelManager.cpp">
      <Filter>소스 파일</Filter>
    </ClCompile>
    <ClCompile Include="X2CharacterRoom.cpp">
      <Filter>소스 파일</Filter>
    </ClCompile>
    <ClCompile Include="X2CharPopupMenu.cpp">
      <Filter>소스 파일</Filter>
    </ClCompile>
    <ClCompile Include="X2ChatBox.cpp">
      <Filter>소스 파일</Filter>
    </ClCompile>
    <ClCompile Include="X2ChatWindow.cpp">
      <Filter>소스 파일</Filter>
    </ClCompile>
    <ClCompile Include="X2CheckSumManager.cpp">
      <Filter>소스 파일</Filter>
    </ClCompile>
    <ClCompile Include="X2ComboGuide.cpp">
      <Filter>소스 파일</Filter>
    </ClCompile>
    <ClCompile Include="X2ComboManager.cpp">
      <Filter>소스 파일</Filter>
    </ClCompile>
    <ClCompile Include="X2ComboTree.cpp">
      <Filter>소스 파일</Filter>
    </ClCompile>
    <ClCompile Include="X2Community.cpp">
      <Filter>소스 파일</Filter>
    </ClCompile>
    <ClCompile Include="X2CouponBox.cpp">
      <Filter>소스 파일</Filter>
    </ClCompile>
    <ClCompile Include="X2Cursor.cpp">
      <Filter>소스 파일</Filter>
    </ClCompile>
    <ClCompile Include="X2Curtain.cpp">
      <Filter>소스 파일</Filter>
    </ClCompile>
    <ClCompile Include="X2DamageEffect.cpp">
      <Filter>소스 파일</Filter>
    </ClCompile>
    <ClCompile Include="X2DamageManager.cpp">
      <Filter>소스 파일</Filter>
    </ClCompile>
    <ClCompile Include="X2Data.cpp">
      <Filter>소스 파일</Filter>
    </ClCompile>
    <ClCompile Include="X2Define.cpp">
      <Filter>소스 파일</Filter>
    </ClCompile>
    <ClCompile Include="X2DLLManager.cpp">
      <Filter>소스 파일</Filter>
    </ClCompile>
    <ClCompile Include="X2DropItemManager.cpp">
      <Filter>소스 파일</Filter>
    </ClCompile>
    <ClCompile Include="X2DummyServer.cpp">
      <Filter>소스 파일</Filter>
    </ClCompile>
    <ClCompile Include="X2Dungeon.cpp">
      <Filter>소스 파일</Filter>
    </ClCompile>
    <ClCompile Include="X2DungeonGame.cpp">
      <Filter>소스 파일</Filter>
    </ClCompile>
    <ClCompile Include="X2DungeonManager.cpp">
      <Filter>소스 파일</Filter>
    </ClCompile>
    <ClCompile Include="X2DungeonRoom.cpp">
      <Filter>소스 파일</Filter>
    </ClCompile>
    <ClCompile Include="X2DungeonStage.cpp">
      <Filter>소스 파일</Filter>
    </ClCompile>
    <ClCompile Include="X2DungeonSubStage.cpp">
      <Filter>소스 파일</Filter>
    </ClCompile>
    <ClCompile Include="X2EffectSet.cpp">
      <Filter>소스 파일</Filter>
    </ClCompile>
    <ClCompile Include="X2EnchantItem.cpp">
      <Filter>소스 파일</Filter>
    </ClCompile>
    <ClCompile Include="X2Eqip.cpp">
      <Filter>소스 파일</Filter>
    </ClCompile>
    <ClCompile Include="X2EventScene.cpp">
      <Filter>소스 파일</Filter>
    </ClCompile>
    <ClCompile Include="X2EXPTable.cpp">
      <Filter>소스 파일</Filter>
    </ClCompile>
    <ClCompile Include="X2FieldMapBase.cpp">
      <Filter>소스 파일</Filter>
    </ClCompile>
    <ClCompile Include="X2FieldMiniMap.cpp">
      <Filter>소스 파일</Filter>
    </ClCompile>
    <ClCompile Include="X2GageManager.cpp">
      <Filter>소스 파일</Filter>
    </ClCompile>
    <ClCompile Include="X2Game.cpp">
      <Filter>소스 파일</Filter>
    </ClCompile>
    <ClCompile Include="X2GameEdit.cpp">
      <Filter>소스 파일</Filter>
    </ClCompile>
    <ClCompile Include="X2GameLoadingTip.cpp">
      <Filter>소스 파일</Filter>
    </ClCompile>
    <ClCompile Include="X2GameOption.cpp">
      <Filter>소스 파일</Filter>
    </ClCompile>
    <ClCompile Include="X2GameUnit.cpp">
      <Filter>소스 파일</Filter>
    </ClCompile>
    <ClCompile Include="X2GameUnitTestCase.cpp">
      <Filter>소스 파일</Filter>
    </ClCompile>
    <ClCompile Include="X2GUArme_VioletMage.cpp">
      <Filter>소스 파일</Filter>
    </ClCompile>
    <ClCompile Include="X2GUChung.cpp">
      <Filter>소스 파일</Filter>
    </ClCompile>
    <ClCompile Include="X2GUElsword_SwordMan.cpp">
      <Filter>소스 파일</Filter>
    </ClCompile>
    <ClCompile Include="X2GuEve.cpp">
      <Filter>소스 파일</Filter>
    </ClCompile>
    <ClCompile Include="X2GuildManager.cpp">
      <Filter>소스 파일</Filter>
    </ClCompile>
    <ClCompile Include="X2GULire_ElvenRanger.cpp">
      <Filter>소스 파일</Filter>
    </ClCompile>
    <ClCompile Include="X2GUNPC.cpp">
      <Filter>소스 파일</Filter>
    </ClCompile>
    <ClCompile Include="X2GUNPCAI.cpp">
      <Filter>소스 파일</Filter>
    </ClCompile>
    <ClCompile Include="X2GUNPCFunc.cpp">
      <Filter>소스 파일</Filter>
    </ClCompile>
    <ClCompile Include="X2GURaven.cpp">
      <Filter>소스 파일</Filter>
    </ClCompile>
    <ClCompile Include="X2GUUser.cpp">
      <Filter>소스 파일</Filter>
    </ClCompile>
    <ClCompile Include="X2HSGame.cpp">
      <Filter>소스 파일</Filter>
    </ClCompile>
    <ClCompile Include="X2IGA.cpp">
      <Filter>소스 파일</Filter>
    </ClCompile>
    <ClCompile Include="X2Informer.cpp">
      <Filter>소스 파일</Filter>
    </ClCompile>
    <ClCompile Include="X2InformerCashShop.cpp">
      <Filter>소스 파일</Filter>
    </ClCompile>
    <ClCompile Include="X2InformerGuildExp.cpp">
      <Filter>소스 파일</Filter>
    </ClCompile>
    <ClCompile Include="X2InformerInven.cpp">
      <Filter>소스 파일</Filter>
    </ClCompile>
    <ClCompile Include="X2InformerManager.cpp">
      <Filter>소스 파일</Filter>
    </ClCompile>
    <ClCompile Include="X2InformerQuest.cpp">
      <Filter>소스 파일</Filter>
    </ClCompile>
    <ClCompile Include="X2InformerSkill.cpp">
      <Filter>소스 파일</Filter>
    </ClCompile>
    <ClCompile Include="X2InstanceData.cpp">
      <Filter>소스 파일</Filter>
    </ClCompile>
    <ClCompile Include="X2Inventory.cpp">
      <Filter>소스 파일</Filter>
    </ClCompile>
    <ClCompile Include="X2Item.cpp">
      <Filter>소스 파일</Filter>
    </ClCompile>
    <ClCompile Include="X2ItemCheatPopUp.cpp">
      <Filter>소스 파일</Filter>
    </ClCompile>
    <ClCompile Include="X2ItemManager.cpp">
      <Filter>소스 파일</Filter>
    </ClCompile>
    <ClCompile Include="X2ItemSlotManager.cpp">
      <Filter>소스 파일</Filter>
    </ClCompile>
    <ClCompile Include="X2KNPGame.cpp">
      <Filter>소스 파일</Filter>
    </ClCompile>
    <ClCompile Include="X2LocalMapUI.cpp">
      <Filter>소스 파일</Filter>
    </ClCompile>
    <ClCompile Include="X2LocationManager.cpp">
      <Filter>소스 파일</Filter>
    </ClCompile>
    <ClCompile Include="X2LVUpEventMgr.cpp">
      <Filter>소스 파일</Filter>
    </ClCompile>
    <ClCompile Include="X2Main.cpp">
      <Filter>소스 파일</Filter>
    </ClCompile>
    <ClCompile Include="X2MemoryHolder.cpp">
      <Filter>소스 파일</Filter>
    </ClCompile>
    <ClCompile Include="X2MiniMap.cpp">
      <Filter>소스 파일</Filter>
    </ClCompile>
    <ClCompile Include="X2MiniMapUI.cpp">
      <Filter>소스 파일</Filter>
    </ClCompile>
    <ClCompile Include="X2MonsterIndicator.cpp">
      <Filter>소스 파일</Filter>
    </ClCompile>
    <ClCompile Include="X2NetError.cpp">
      <Filter>소스 파일</Filter>
    </ClCompile>
    <ClCompile Include="X2NexonMsgHandler.cpp">
      <Filter>소스 파일</Filter>
    </ClCompile>
    <ClCompile Include="X2NoticeManager.cpp">
      <Filter>소스 파일</Filter>
    </ClCompile>
    <ClCompile Include="X2NoviceGuide.cpp">
      <Filter>소스 파일</Filter>
    </ClCompile>
    <ClCompile Include="X2NPCAI.cpp">
      <Filter>소스 파일</Filter>
    </ClCompile>
    <ClCompile Include="X2NPCUnitViewerUI.cpp">
      <Filter>소스 파일</Filter>
    </ClCompile>
    <ClCompile Include="X2NumbersToLanguage.cpp">
      <Filter>소스 파일</Filter>
    </ClCompile>
    <ClCompile Include="X2Packet.cpp">
      <Filter>소스 파일</Filter>
    </ClCompile>
    <ClCompile Include="X2PacketLog.cpp">
      <Filter>소스 파일</Filter>
    </ClCompile>
    <ClCompile Include="X2PageManager.cpp">
      <Filter>소스 파일</Filter>
    </ClCompile>
    <ClCompile Include="X2PageMgrItem.cpp">
      <Filter>소스 파일</Filter>
    </ClCompile>
    <ClCompile Include="X2PartyManager.cpp">
      <Filter>소스 파일</Filter>
    </ClCompile>
    <ClCompile Include="X2PartyUI.cpp">
      <Filter>소스 파일</Filter>
    </ClCompile>
    <ClCompile Include="X2Pet.cpp">
      <Filter>소스 파일</Filter>
    </ClCompile>
    <ClCompile Include="X2PetAI.cpp">
      <Filter>소스 파일</Filter>
    </ClCompile>
    <ClCompile Include="X2PetManager.cpp">
      <Filter>소스 파일</Filter>
    </ClCompile>
    <ClCompile Include="X2PostBox.cpp">
      <Filter>소스 파일</Filter>
    </ClCompile>
    <ClCompile Include="X2PVPEmblem.cpp">
      <Filter>소스 파일</Filter>
    </ClCompile>
    <ClCompile Include="X2PVPGame.cpp">
      <Filter>소스 파일</Filter>
    </ClCompile>
    <ClCompile Include="X2PVPGameSurvival.cpp">
      <Filter>소스 파일</Filter>
    </ClCompile>
    <ClCompile Include="X2PVPGameTeam.cpp">
      <Filter>소스 파일</Filter>
    </ClCompile>
    <ClCompile Include="X2PVPGameTeamDeath.cpp">
      <Filter>소스 파일</Filter>
    </ClCompile>
    <ClCompile Include="X2PVPResultTable.cpp">
      <Filter>소스 파일</Filter>
    </ClCompile>
    <ClCompile Include="X2PVPRoom.cpp">
      <Filter>소스 파일</Filter>
    </ClCompile>
    <ClCompile Include="X2QuestManager.cpp">
      <Filter>소스 파일</Filter>
    </ClCompile>
    <ClCompile Include="X2RewardTable.cpp">
      <Filter>소스 파일</Filter>
    </ClCompile>
    <ClCompile Include="X2Room.cpp">
      <Filter>소스 파일</Filter>
    </ClCompile>
    <ClCompile Include="X2ServerEvent.cpp">
      <Filter>소스 파일</Filter>
    </ClCompile>
    <ClCompile Include="X2ServerPacket.cpp">
      <Filter>소스 파일</Filter>
    </ClCompile>
    <ClCompile Include="X2ServerPacketDef.cpp">
      <Filter>소스 파일</Filter>
    </ClCompile>
    <ClCompile Include="X2SimplePathFinder.cpp">
      <Filter>소스 파일</Filter>
    </ClCompile>
    <ClCompile Include="X2SkillTree.cpp">
      <Filter>소스 파일</Filter>
    </ClCompile>
    <ClCompile Include="X2SlideShot.cpp">
      <Filter>소스 파일</Filter>
    </ClCompile>
    <ClCompile Include="X2SlotItem.cpp">
      <Filter>소스 파일</Filter>
    </ClCompile>
    <ClCompile Include="X2SlotManager.cpp">
      <Filter>소스 파일</Filter>
    </ClCompile>
    <ClCompile Include="X2SMTPMail.cpp">
      <Filter>소스 파일</Filter>
    </ClCompile>
    <ClCompile Include="X2SocketItem.cpp">
      <Filter>소스 파일</Filter>
    </ClCompile>
    <ClCompile Include="X2SoundCloseManager.cpp">
      <Filter>소스 파일</Filter>
    </ClCompile>
    <ClCompile Include="X2SquareGame.cpp">
      <Filter>소스 파일</Filter>
    </ClCompile>
    <ClCompile Include="X2SquareUnit.cpp">
      <Filter>소스 파일</Filter>
    </ClCompile>
    <ClCompile Include="X2Stat.cpp">
      <Filter>소스 파일</Filter>
    </ClCompile>
    <ClCompile Include="X2State.cpp">
      <Filter>소스 파일</Filter>
    </ClCompile>
    <ClCompile Include="X2StateAutoChanger.cpp">
      <Filter>소스 파일</Filter>
    </ClCompile>
    <ClCompile Include="X2StateBeginning.cpp">
      <Filter>소스 파일</Filter>
    </ClCompile>
    <ClCompile Include="X2StateClassChange.cpp">
      <Filter>소스 파일</Filter>
    </ClCompile>
    <ClCompile Include="X2StateCommonBG.cpp">
      <Filter>소스 파일</Filter>
    </ClCompile>
    <ClCompile Include="X2StateCreateUnit.cpp">
      <Filter>소스 파일</Filter>
    </ClCompile>
    <ClCompile Include="X2StateDungeonGame.cpp">
      <Filter>소스 파일</Filter>
    </ClCompile>
    <ClCompile Include="X2StateDungeonResult.cpp">
      <Filter>소스 파일</Filter>
    </ClCompile>
    <ClCompile Include="X2StateDungeonRoom.cpp">
      <Filter>소스 파일</Filter>
    </ClCompile>
    <ClCompile Include="X2StateField.cpp">
      <Filter>소스 파일</Filter>
    </ClCompile>
    <ClCompile Include="X2StateJoin.cpp">
      <Filter>소스 파일</Filter>
    </ClCompile>
    <ClCompile Include="X2StateLoading.cpp">
      <Filter>소스 파일</Filter>
    </ClCompile>
    <ClCompile Include="X2StateLogin.cpp">
      <Filter>소스 파일</Filter>
    </ClCompile>
    <ClCompile Include="X2StateMenu.cpp">
      <Filter>소스 파일</Filter>
    </ClCompile>
    <ClCompile Include="X2StateOption.cpp">
      <Filter>소스 파일</Filter>
    </ClCompile>
    <ClCompile Include="X2StatePVPGame.cpp">
      <Filter>소스 파일</Filter>
    </ClCompile>
    <ClCompile Include="X2StatePvPLobby.cpp">
      <Filter>소스 파일</Filter>
    </ClCompile>
    <ClCompile Include="X2StatePVPResult.cpp">
      <Filter>소스 파일</Filter>
    </ClCompile>
    <ClCompile Include="X2StatePVPRoom.cpp">
      <Filter>소스 파일</Filter>
    </ClCompile>
    <ClCompile Include="X2StateServerSelect.cpp">
      <Filter>소스 파일</Filter>
    </ClCompile>
    <ClCompile Include="X2StateSquareGame.cpp">
      <Filter>소스 파일</Filter>
    </ClCompile>
    <ClCompile Include="X2StateStartUp.cpp">
      <Filter>소스 파일</Filter>
    </ClCompile>
    <ClCompile Include="X2StateTrainingGame.cpp">
      <Filter>소스 파일</Filter>
    </ClCompile>
    <ClCompile Include="X2StateTrainingResult.cpp">
      <Filter>소스 파일</Filter>
    </ClCompile>
    <ClCompile Include="X2StateTrainingSchool.cpp">
      <Filter>소스 파일</Filter>
    </ClCompile>
    <ClCompile Include="X2StateUnitSelect.cpp">
      <Filter>소스 파일</Filter>
    </ClCompile>
    <ClCompile Include="X2StringFilter.cpp">
      <Filter>소스 파일</Filter>
    </ClCompile>
    <ClCompile Include="X2Struct.cpp">
      <Filter>소스 파일</Filter>
    </ClCompile>
    <ClCompile Include="X2SubEquip.cpp">
      <Filter>소스 파일</Filter>
    </ClCompile>
    <ClCompile Include="X2SystemInfo.cpp">
      <Filter>소스 파일</Filter>
    </ClCompile>
    <ClCompile Include="X2TalkBoxManager.cpp">
      <Filter>소스 파일</Filter>
    </ClCompile>
    <ClCompile Include="X2TalkBoxManagerImp.cpp">
      <Filter>소스 파일</Filter>
    </ClCompile>
    <ClCompile Include="X2TalkBoxManagerImpPartyLeader.cpp">
      <Filter>소스 파일</Filter>
    </ClCompile>
    <ClCompile Include="X2TalkBoxManagerImpPShop.cpp">
      <Filter>소스 파일</Filter>
    </ClCompile>
    <ClCompile Include="X2TalkBoxManagerUI.cpp">
      <Filter>소스 파일</Filter>
    </ClCompile>
    <ClCompile Include="X2TextManager.cpp">
      <Filter>소스 파일</Filter>
    </ClCompile>
    <ClCompile Include="X2TFieldGame.cpp">
      <Filter>소스 파일</Filter>
    </ClCompile>
    <ClCompile Include="X2TFieldNpc.cpp">
      <Filter>소스 파일</Filter>
    </ClCompile>
    <ClCompile Include="X2TFieldNpcShop.cpp">
      <Filter>소스 파일</Filter>
    </ClCompile>
    <ClCompile Include="X2TitleManager.cpp">
      <Filter>소스 파일</Filter>
    </ClCompile>
    <ClCompile Include="X2TitleSystem.cpp">
      <Filter>소스 파일</Filter>
    </ClCompile>
    <ClCompile Include="X2TrainingCenterTable.cpp">
      <Filter>소스 파일</Filter>
    </ClCompile>
    <ClCompile Include="X2TrainingGameUI.cpp">
      <Filter>소스 파일</Filter>
    </ClCompile>
    <ClCompile Include="X2TutorSystem.cpp">
      <Filter>소스 파일</Filter>
    </ClCompile>
    <ClCompile Include="X2UDPPacket.cpp">
      <Filter>소스 파일</Filter>
    </ClCompile>
    <ClCompile Include="X2UICharInfo.cpp">
      <Filter>소스 파일</Filter>
    </ClCompile>
    <ClCompile Include="X2UIComboTree.cpp">
      <Filter>소스 파일</Filter>
    </ClCompile>
    <ClCompile Include="X2UIDragable.cpp">
      <Filter>소스 파일</Filter>
    </ClCompile>
    <ClCompile Include="X2UIEnduranceChecker.cpp">
      <Filter>소스 파일</Filter>
    </ClCompile>
    <ClCompile Include="X2UIGuild.cpp">
      <Filter>소스 파일</Filter>
    </ClCompile>
    <ClCompile Include="X2UIGuildBoard.cpp">
      <Filter>소스 파일</Filter>
    </ClCompile>
    <ClCompile Include="X2UIGuildSkillTree.cpp">
      <Filter>소스 파일</Filter>
    </ClCompile>
    <ClCompile Include="X2UIGuildSkillTreeInfo.cpp">
      <Filter>소스 파일</Filter>
    </ClCompile>
    <ClCompile Include="X2UIInventory.cpp">
      <Filter>소스 파일</Filter>
    </ClCompile>
    <ClCompile Include="X2UIItemExchangeShop.cpp">
      <Filter>소스 파일</Filter>
    </ClCompile>
    <ClCompile Include="X2UIManager.cpp">
      <Filter>소스 파일</Filter>
    </ClCompile>
    <ClCompile Include="X2UIManufacture.cpp">
      <Filter>소스 파일</Filter>
    </ClCompile>
    <ClCompile Include="X2UIPersonalShop.cpp">
      <Filter>소스 파일</Filter>
    </ClCompile>
    <ClCompile Include="X2UIPersonalShopBoard.cpp">
      <Filter>소스 파일</Filter>
    </ClCompile>
    <ClCompile Include="X2UIPersonalTrade.cpp">
      <Filter>소스 파일</Filter>
    </ClCompile>
    <ClCompile Include="X2UIPetInfo.cpp">
      <Filter>소스 파일</Filter>
    </ClCompile>
    <ClCompile Include="X2UIPetInventory.cpp">
      <Filter>소스 파일</Filter>
    </ClCompile>
    <ClCompile Include="X2UIPrivateBank.cpp">
      <Filter>소스 파일</Filter>
    </ClCompile>
    <ClCompile Include="X2UIQuest.cpp">
      <Filter>소스 파일</Filter>
    </ClCompile>
    <ClCompile Include="X2UIQuestNew.cpp">
      <Filter>소스 파일</Filter>
    </ClCompile>
    <ClCompile Include="X2UIQuestReceive.cpp">
      <Filter>소스 파일</Filter>
    </ClCompile>
    <ClCompile Include="X2UIQuickSlot.cpp">
      <Filter>소스 파일</Filter>
    </ClCompile>
    <ClCompile Include="X2UIRankingInfo.cpp">
      <Filter>소스 파일</Filter>
    </ClCompile>
    <ClCompile Include="X2UIShop.cpp">
      <Filter>소스 파일</Filter>
    </ClCompile>
    <ClCompile Include="X2UISkillNote.cpp">
      <Filter>소스 파일</Filter>
    </ClCompile>
    <ClCompile Include="X2UISkillTree.cpp">
      <Filter>소스 파일</Filter>
    </ClCompile>
    <ClCompile Include="X2UISocketItem.cpp">
      <Filter>소스 파일</Filter>
    </ClCompile>
    <ClCompile Include="X2UITempInventory.cpp">
      <Filter>소스 파일</Filter>
    </ClCompile>
    <ClCompile Include="X2UIUnit.cpp">
      <Filter>소스 파일</Filter>
    </ClCompile>
    <ClCompile Include="X2UIUnitManager.cpp">
      <Filter>소스 파일</Filter>
    </ClCompile>
    <ClCompile Include="X2UIWatch.cpp">
      <Filter>소스 파일</Filter>
    </ClCompile>
    <ClCompile Include="X2UIWorldMission.cpp">
      <Filter>소스 파일</Filter>
    </ClCompile>
    <ClCompile Include="X2Unit.cpp">
      <Filter>소스 파일</Filter>
    </ClCompile>
    <ClCompile Include="X2UnitLoader.cpp">
      <Filter>소스 파일</Filter>
    </ClCompile>
    <ClCompile Include="X2UnitManager.cpp">
      <Filter>소스 파일</Filter>
    </ClCompile>
    <ClCompile Include="X2UnitSlashTraceManager.cpp">
      <Filter>소스 파일</Filter>
    </ClCompile>
    <ClCompile Include="X2UnitViewerUI.cpp">
      <Filter>소스 파일</Filter>
    </ClCompile>
    <ClCompile Include="X2User.cpp">
      <Filter>소스 파일</Filter>
    </ClCompile>
    <ClCompile Include="X2UserListPopUp.cpp">
      <Filter>소스 파일</Filter>
    </ClCompile>
    <ClCompile Include="X2UserSkillTree.cpp">
      <Filter>소스 파일</Filter>
    </ClCompile>
    <ClCompile Include="X2WordBook.cpp">
      <Filter>소스 파일</Filter>
    </ClCompile>
    <ClCompile Include="X2World.cpp">
      <Filter>소스 파일</Filter>
    </ClCompile>
    <ClCompile Include="X2WorldFieldMap.cpp">
      <Filter>소스 파일</Filter>
    </ClCompile>
    <ClCompile Include="X2WorldLayer.cpp">
      <Filter>소스 파일</Filter>
    </ClCompile>
    <ClCompile Include="X2WorldManager.cpp">
      <Filter>소스 파일</Filter>
    </ClCompile>
    <ClCompile Include="X2WorldMapUI.cpp">
      <Filter>소스 파일</Filter>
    </ClCompile>
    <ClCompile Include="X2WorldMissionManager.cpp">
      <Filter>소스 파일</Filter>
    </ClCompile>
    <ClCompile Include="X2WorldObject.cpp">
      <Filter>소스 파일</Filter>
    </ClCompile>
    <ClCompile Include="X2WorldObjectLightFlow.cpp">
      <Filter>소스 파일</Filter>
    </ClCompile>
    <ClCompile Include="X2WorldObjectMesh.cpp">
      <Filter>소스 파일</Filter>
    </ClCompile>
    <ClCompile Include="X2WorldObjectParticle.cpp">
      <Filter>소스 파일</Filter>
    </ClCompile>
    <ClCompile Include="X2WorldObjectReactMesh.cpp">
      <Filter>소스 파일</Filter>
    </ClCompile>
    <ClCompile Include="X2WorldObjectSkinMesh.cpp">
      <Filter>소스 파일</Filter>
    </ClCompile>
    <ClCompile Include="X2SecurityPad.cpp">
      <Filter>소스 파일</Filter>
    </ClCompile>
    <ClCompile Include="HttpSession.cpp">
      <Filter>소스 파일</Filter>
    </ClCompile>
    <ClCompile Include="SHA1.cpp">
      <Filter>소스 파일</Filter>
    </ClCompile>
    <ClCompile Include="X2PremiumBuffManager.cpp">
      <Filter>소스 파일</Filter>
    </ClCompile>
    <ClCompile Include="X2DeparturePrevention.cpp">
      <Filter>소스 파일</Filter>
    </ClCompile>
    <ClCompile Include="X2StateBattleField.cpp">
      <Filter>소스 파일</Filter>
    </ClCompile>
    <ClCompile Include="X2BattleFieldGame.cpp">
      <Filter>소스 파일</Filter>
    </ClCompile>
    <ClCompile Include="X2BattleFieldRoom.cpp">
      <Filter>소스 파일</Filter>
    </ClCompile>
    <ClCompile Include="X2BattleFieldManager.cpp">
      <Filter>소스 파일</Filter>
    </ClCompile>
    <ClCompile Include="X2BattleFieldNpcAi.cpp">
      <Filter>소스 파일</Filter>
    </ClCompile>
    <ClCompile Include="X2GageUI.cpp">
      <Filter>소스 파일</Filter>
    </ClCompile>
    <ClCompile Include="X2GageData.cpp">
      <Filter>소스 파일</Filter>
    </ClCompile>
    <ClCompile Include="X2CollectHackInfo.cpp">
      <Filter>소스 파일</Filter>
    </ClCompile>
    <ClCompile Include="X2PopupUIBase.cpp">
      <Filter>소스 파일</Filter>
    </ClCompile>
    <ClCompile Include="X2PlayGuide.cpp">
      <Filter>소스 파일</Filter>
    </ClCompile>
    <ClCompile Include="X2KeyPad.cpp">
      <Filter>소스 파일</Filter>
    </ClCompile>
    <ClCompile Include="X2BuffFactor.cpp">
      <Filter>소스 파일</Filter>
    </ClCompile>
    <ClCompile Include="X2BuffBehaviorTemplet.cpp">
      <Filter>소스 파일</Filter>
    </ClCompile>
    <ClCompile Include="X2BuffFinalizerTemplet.cpp">
      <Filter>소스 파일</Filter>
    </ClCompile>
    <ClCompile Include="X2BuffTemplet.cpp">
      <Filter>소스 파일</Filter>
    </ClCompile>
    <ClCompile Include="X2BuffTempletManager.cpp">
      <Filter>소스 파일</Filter>
    </ClCompile>
    <ClCompile Include="X2NPCIndicator.cpp">
      <Filter>소스 파일</Filter>
    </ClCompile>
    <ClCompile Include="X2UIBingo.cpp">
      <Filter>소스 파일</Filter>
    </ClCompile>
    <ClCompile Include="X2BuffDisplayerTemplet.cpp">
      <Filter>소스 파일</Filter>
    </ClCompile>
    <ClCompile Include="X2GUAra.cpp">
      <Filter>소스 파일</Filter>
    </ClCompile>
    <ClCompile Include="X2ComboAndSkillChainSystem.cpp">
      <Filter>소스 파일</Filter>
    </ClCompile>
    <ClCompile Include="X2UIResolveItem.cpp">
      <Filter>소스 파일</Filter>
    </ClCompile>
    <ClCompile Include="X2UISynthesis.cpp">
      <Filter>소스 파일</Filter>
    </ClCompile>
    <ClCompile Include="X2Item_Preprocessing.cpp">
      <Filter>소스 파일</Filter>
    </ClCompile>
    <ClCompile Include="X2ItemManager_Preprocessing.cpp">
      <Filter>소스 파일</Filter>
    </ClCompile>
    <ClCompile Include="KOGGamePerformanceCheckPort.cpp">
      <Filter>소스 파일</Filter>
    </ClCompile>
    <ClCompile Include="X2ProfileManager.cpp">
      <Filter>소스 파일</Filter>
    </ClCompile>
    <ClCompile Include="X2UIHeroMatch.cpp">
      <Filter>소스 파일</Filter>
    </ClCompile>
    <ClCompile Include="X2RelationshipManager.cpp">
      <Filter>소스 파일</Filter>
    </ClCompile>
    <ClCompile Include="X2UIRelationship.cpp">
      <Filter>소스 파일</Filter>
    </ClCompile>
    <ClCompile Include="X2WeddingGame.cpp">
      <Filter>소스 파일</Filter>
    </ClCompile>
    <ClCompile Include="X2StateWeddingGame.cpp">
      <Filter>소스 파일</Filter>
    </ClCompile>
    <ClCompile Include="X2RidingPet.cpp">
      <Filter>소스 파일</Filter>
    </ClCompile>
    <ClCompile Include="X2RidingPetManager.cpp">
      <Filter>소스 파일</Filter>
    </ClCompile>
    <ClCompile Include="X2RidingPetSkillSlot.cpp">
      <Filter>소스 파일</Filter>
    </ClCompile>
    <ClCompile Include="X2WeddingManager.cpp">
      <Filter>소스 파일</Filter>
    </ClCompile>
    <ClCompile Include="X2ItemStatCalculator.cpp">
      <Filter>소스 파일</Filter>
    </ClCompile>
    <ClCompile Include="X2EmblemManager.cpp">
      <Filter>소스 파일</Filter>
    </ClCompile>
    <ClCompile Include="X2UISkillTreeNew.cpp">
      <Filter>소스 파일</Filter>
    </ClCompile>
    <ClCompile Include="X2GUEL.cpp">
      <Filter>소스 파일</Filter>
    </ClCompile>
    <ClCompile Include="X2CubeOpenImageManager.cpp">
      <Filter>소스 파일</Filter>
    </ClCompile>
    <ClCompile Include="X2FrameUDPPack.cpp">
      <Filter>소스 파일</Filter>
    </ClCompile>
    <ClCompile Include="X2ProfileManager.cpp">
      <Filter>소스 파일</Filter>
    </ClCompile>
    <ClCompile Include="X2UIHeroMatch.cpp">
      <Filter>소스 파일</Filter>
    </ClCompile>
    <ClCompile Include="WordWrap.cpp">
      <Filter>소스 파일</Filter>
    </ClCompile>
    <ClCompile Include="OnlyGlobal\ID\NetCafe\AESCryptManager.cpp">
      <Filter>소스 파일</Filter>
    </ClCompile>
    <ClCompile Include="OnlyGlobal\ID\NetCafe\PCbangModuleID.cpp">
      <Filter>소스 파일</Filter>
    </ClCompile>
    <ClCompile Include="OnlyGlobal\ID\NetCafe\pmDesEx.cpp">
      <Filter>소스 파일</Filter>
    </ClCompile>
    <ClCompile Include="BasicExcel.cpp">
      <Filter>소스 파일</Filter>
    </ClCompile>
    <ClCompile Include="X2Steam.cpp">
      <Filter>소스 파일</Filter>
    </ClCompile>
    <ClCompile Include="X2GlobalMissionManager.cpp">
      <Filter>소스 파일</Filter>
    </ClCompile>
    <ClCompile Include="X2UIGlobalMission.cpp">
      <Filter>소스 파일</Filter>
    </ClCompile>
  </ItemGroup>
</Project>