<?xml version="1.0" encoding="utf-8"?>
<Project ToolsVersion="4.0" xmlns="http://schemas.microsoft.com/developer/msbuild/2003">
  <ItemGroup>
    <Filter Include="소스 파일">
      <UniqueIdentifier>{4FC737F1-C7A5-4376-A066-2A32D752A2FF}</UniqueIdentifier>
      <Extensions>cpp;c;cxx;def;odl;idl;hpj;bat;asm;asmx</Extensions>
    </Filter>
    <Filter Include="헤더 파일">
      <UniqueIdentifier>{3c070197-5f1e-49f3-a8e8-9448b0f091aa}</UniqueIdentifier>
    </Filter>
    <Filter Include="리소스 파일">
      <UniqueIdentifier>{67DA6AB6-F800-4c08-8B7A-83BB121AAD01}</UniqueIdentifier>
      <Extensions>rc;ico;cur;bmp;dlg;rc2;rct;bin;rgs;gif;jpg;jpeg;jpe;resx</Extensions>
    </Filter>
  </ItemGroup>
  <ItemGroup>
    <ClCompile Include="KLuabinder.cpp">
      <Filter>소스 파일</Filter>
    </ClCompile>
    <ClCompile Include="KLuaManager.cpp">
      <Filter>소스 파일</Filter>
    </ClCompile>
    <ClCompile Include="lapi.c">
      <Filter>소스 파일</Filter>
    </ClCompile>
    <ClCompile Include="lauxlib.c">
      <Filter>소스 파일</Filter>
    </ClCompile>
    <ClCompile Include="lbaselib.c">
      <Filter>소스 파일</Filter>
    </ClCompile>
    <ClCompile Include="lcode.c">
      <Filter>소스 파일</Filter>
    </ClCompile>
    <ClCompile Include="ldblib.c">
      <Filter>소스 파일</Filter>
    </ClCompile>
    <ClCompile Include="ldebug.c">
      <Filter>소스 파일</Filter>
    </ClCompile>
    <ClCompile Include="ldo.c">
      <Filter>소스 파일</Filter>
    </ClCompile>
    <ClCompile Include="ldump.c">
      <Filter>소스 파일</Filter>
    </ClCompile>
    <ClCompile Include="lfunc.c">
      <Filter>소스 파일</Filter>
    </ClCompile>
    <ClCompile Include="lgc.c">
      <Filter>소스 파일</Filter>
    </ClCompile>
    <ClCompile Include="linit.c">
      <Filter>소스 파일</Filter>
    </ClCompile>
    <ClCompile Include="liolib.c">
      <Filter>소스 파일</Filter>
    </ClCompile>
    <ClCompile Include="llex.c">
      <Filter>소스 파일</Filter>
    </ClCompile>
    <ClCompile Include="lmathlib.c">
      <Filter>소스 파일</Filter>
    </ClCompile>
    <ClCompile Include="lmem.c">
      <Filter>소스 파일</Filter>
    </ClCompile>
    <ClCompile Include="loadlib.c">
      <Filter>소스 파일</Filter>
    </ClCompile>
    <ClCompile Include="lobject.c">
      <Filter>소스 파일</Filter>
    </ClCompile>
    <ClCompile Include="lopcodes.c">
      <Filter>소스 파일</Filter>
    </ClCompile>
    <ClCompile Include="loslib.c">
      <Filter>소스 파일</Filter>
    </ClCompile>
    <ClCompile Include="lparser.c">
      <Filter>소스 파일</Filter>
    </ClCompile>
    <ClCompile Include="lstate.c">
      <Filter>소스 파일</Filter>
    </ClCompile>
    <ClCompile Include="lstring.c">
      <Filter>소스 파일</Filter>
    </ClCompile>
    <ClCompile Include="lstrlib.c">
      <Filter>소스 파일</Filter>
    </ClCompile>
    <ClCompile Include="ltable.c">
      <Filter>소스 파일</Filter>
    </ClCompile>
    <ClCompile Include="ltablib.c">
      <Filter>소스 파일</Filter>
    </ClCompile>
    <ClCompile Include="ltests.c">
      <Filter>소스 파일</Filter>
    </ClCompile>
    <ClCompile Include="ltm.c">
      <Filter>소스 파일</Filter>
    </ClCompile>
    <ClCompile Include="lua.c">
      <Filter>소스 파일</Filter>
    </ClCompile>
    <ClCompile Include="lua_tinker.cpp">
      <Filter>소스 파일</Filter>
    </ClCompile>
    <ClCompile Include="luac.c">
      <Filter>소스 파일</Filter>
    </ClCompile>
    <ClCompile Include="lundump.c">
      <Filter>소스 파일</Filter>
    </ClCompile>
    <ClCompile Include="lvm.c">
      <Filter>소스 파일</Filter>
    </ClCompile>
    <ClCompile Include="lzio.c">
      <Filter>소스 파일</Filter>
    </ClCompile>
    <ClCompile Include="print.c">
      <Filter>소스 파일</Filter>
    </ClCompile>
  </ItemGroup>
  <ItemGroup>
    <ClInclude Include="KLuabinder.h">
      <Filter>헤더 파일</Filter>
    </ClInclude>
    <ClInclude Include="KLuaManager.h">
      <Filter>헤더 파일</Filter>
    </ClInclude>
    <ClInclude Include="lapi.h">
      <Filter>헤더 파일</Filter>
    </ClInclude>
    <ClInclude Include="lauxlib.h">
      <Filter>헤더 파일</Filter>
    </ClInclude>
    <ClInclude Include="lcode.h">
      <Filter>헤더 파일</Filter>
    </ClInclude>
    <ClInclude Include="ldebug.h">
      <Filter>헤더 파일</Filter>
    </ClInclude>
    <ClInclude Include="ldo.h">
      <Filter>헤더 파일</Filter>
    </ClInclude>
    <ClInclude Include="lfunc.h">
      <Filter>헤더 파일</Filter>
    </ClInclude>
    <ClInclude Include="lgc.h">
      <Filter>헤더 파일</Filter>
    </ClInclude>
    <ClInclude Include="llex.h">
      <Filter>헤더 파일</Filter>
    </ClInclude>
    <ClInclude Include="llimits.h">
      <Filter>헤더 파일</Filter>
    </ClInclude>
    <ClInclude Include="lmem.h">
      <Filter>헤더 파일</Filter>
    </ClInclude>
    <ClInclude Include="lobject.h">
      <Filter>헤더 파일</Filter>
    </ClInclude>
    <ClInclude Include="lopcodes.h">
      <Filter>헤더 파일</Filter>
    </ClInclude>
    <ClInclude Include="lparser.h">
      <Filter>헤더 파일</Filter>
    </ClInclude>
    <ClInclude Include="lstate.h">
      <Filter>헤더 파일</Filter>
    </ClInclude>
    <ClInclude Include="lstring.h">
      <Filter>헤더 파일</Filter>
    </ClInclude>
    <ClInclude Include="ltable.h">
      <Filter>헤더 파일</Filter>
    </ClInclude>
    <ClInclude Include="ltm.h">
      <Filter>헤더 파일</Filter>
    </ClInclude>
    <ClInclude Include="lua.h">
      <Filter>헤더 파일</Filter>
    </ClInclude>
    <ClInclude Include="lua.hpp">
      <Filter>헤더 파일</Filter>
    </ClInclude>
    <ClInclude Include="lua_tinker.h">
      <Filter>헤더 파일</Filter>
    </ClInclude>
    <ClInclude Include="luaconf.h">
      <Filter>헤더 파일</Filter>
    </ClInclude>
    <ClInclude Include="lualib.h">
      <Filter>헤더 파일</Filter>
    </ClInclude>
    <ClInclude Include="lundump.h">
      <Filter>헤더 파일</Filter>
    </ClInclude>
    <ClInclude Include="lvm.h">
      <Filter>헤더 파일</Filter>
    </ClInclude>
    <ClInclude Include="lzio.h">
      <Filter>헤더 파일</Filter>
    </ClInclude>
  </ItemGroup>
  <ItemGroup>
    <None Include="Makefile">
      <Filter>리소스 파일</Filter>
    </None>
    <None Include="ReadMe.txt" />
  </ItemGroup>
</Project>