<?xml version="1.0" encoding="utf-8"?>
<Project ToolsVersion="4.0" xmlns="http://schemas.microsoft.com/developer/msbuild/2003">
  <ItemGroup>
    <Filter Include="Common">
      <UniqueIdentifier>{3e8a64ce-b978-431a-9340-255cddf49740}</UniqueIdentifier>
    </Filter>
    <Filter Include="Common\Socket">
      <UniqueIdentifier>{0749f156-bc94-4d0a-8a51-de5f8f1431b2}</UniqueIdentifier>
    </Filter>
    <Filter Include="Common\Performer">
      <UniqueIdentifier>{213c6a7d-a4d6-44a5-9ea8-99cb054b695d}</UniqueIdentifier>
    </Filter>
    <Filter Include="Common\Packet">
      <UniqueIdentifier>{008d1f8c-a725-47c5-9815-8e1a0124b556}</UniqueIdentifier>
    </Filter>
    <Filter Include="Common\Event">
      <UniqueIdentifier>{eb95e3f2-f7b2-4cac-84b0-c62c41174b44}</UniqueIdentifier>
    </Filter>
    <Filter Include="Common\FSM">
      <UniqueIdentifier>{3949c5e6-3299-4ba4-8745-f18f5129452e}</UniqueIdentifier>
    </Filter>
    <Filter Include="Common\FSM\GSFSM">
      <UniqueIdentifier>{fcccfd70-eda2-4573-a1a8-13d3b8676b2d}</UniqueIdentifier>
    </Filter>
    <Filter Include="Common\Lua">
      <UniqueIdentifier>{abd8f701-5f42-4b6e-ac5e-680ef4e6e6bd}</UniqueIdentifier>
    </Filter>
    <Filter Include="Common\NetError">
      <UniqueIdentifier>{dee6adf1-8a57-4463-8e92-c80ec1b8a94a}</UniqueIdentifier>
    </Filter>
    <Filter Include="Script">
      <UniqueIdentifier>{780fa323-ecbb-4a05-9b80-f618e6a95b89}</UniqueIdentifier>
    </Filter>
    <Filter Include="Actor">
      <UniqueIdentifier>{bbafef4f-0c7a-422c-adb1-7551ca74cee2}</UniqueIdentifier>
    </Filter>
    <Filter Include="Actor\TCPRELAY">
      <UniqueIdentifier>{fc298cb7-b1ae-46c8-8233-7a4a909453c2}</UniqueIdentifier>
    </Filter>
    <Filter Include="Actor\Robot">
      <UniqueIdentifier>{11c17820-5e5e-40a7-9186-91961fd65327}</UniqueIdentifier>
    </Filter>
    <Filter Include="Actor\RobotThread">
      <UniqueIdentifier>{c40bf2c9-6d85-4834-89d2-363375f55305}</UniqueIdentifier>
    </Filter>
    <Filter Include="Actor\TRIOCP">
      <UniqueIdentifier>{69c003cb-8fd4-4c80-a29b-4ad7c0852191}</UniqueIdentifier>
    </Filter>
    <Filter Include="RBFSM">
      <UniqueIdentifier>{2eb0cd5a-ecbb-4abf-9026-fd5c63f6a2d8}</UniqueIdentifier>
    </Filter>
    <Filter Include="Lib">
      <UniqueIdentifier>{9a3f3d3d-9c43-4d26-920f-e30b902ee21d}</UniqueIdentifier>
    </Filter>
  </ItemGroup>
  <ItemGroup>
    <ClCompile Include="..\Common\ActionDecider.cpp">
      <Filter>Common</Filter>
    </ClCompile>
    <ClCompile Include="..\Common\Lottery.cpp">
      <Filter>Common</Filter>
    </ClCompile>
    <ClCompile Include="..\Common\SimObject.cpp">
      <Filter>Common</Filter>
    </ClCompile>
    <ClCompile Include="..\Common\ThreadManager.cpp">
      <Filter>Common</Filter>
    </ClCompile>
    <ClCompile Include="..\Common\Socket\CircularQueue.cpp">
      <Filter>Common\Socket</Filter>
    </ClCompile>
    <ClCompile Include="..\Common\Socket\IOCP.cpp">
      <Filter>Common\Socket</Filter>
    </ClCompile>
    <ClCompile Include="..\Common\Socket\IOThread.cpp">
      <Filter>Common\Socket</Filter>
    </ClCompile>
    <ClCompile Include="..\Common\Socket\NetCommon.cpp">
      <Filter>Common\Socket</Filter>
    </ClCompile>
    <ClCompile Include="..\Common\Socket\Session.cpp">
      <Filter>Common\Socket</Filter>
    </ClCompile>
    <ClCompile Include="..\Common\Socket\SocketObject.cpp">
      <Filter>Common\Socket</Filter>
    </ClCompile>
    <ClCompile Include="..\Common\ActorProxy.cpp">
      <Filter>Common\Performer</Filter>
    </ClCompile>
    <ClCompile Include="..\Common\Performer.cpp">
      <Filter>Common\Performer</Filter>
    </ClCompile>
    <ClCompile Include="..\Common\ClientPacket.cpp">
      <Filter>Common\Packet</Filter>
    </ClCompile>
    <ClCompile Include="..\Common\CommonPacket.cpp">
      <Filter>Common\Packet</Filter>
    </ClCompile>
    <ClCompile Include="..\Common\Event.cpp">
      <Filter>Common\Event</Filter>
    </ClCompile>
    <ClCompile Include="..\Common\FSM\FSMclass.cpp">
      <Filter>Common\FSM</Filter>
    </ClCompile>
    <ClCompile Include="..\Common\FSM\FSMstate.cpp">
      <Filter>Common\FSM</Filter>
    </ClCompile>
    <ClCompile Include="..\Common\GSFSM.cpp">
      <Filter>Common\FSM\GSFSM</Filter>
    </ClCompile>
    <ClCompile Include="..\Common\Lua\KLuaManager.cpp">
      <Filter>Common\Lua</Filter>
    </ClCompile>
    <ClCompile Include="..\Common\NetError.cpp">
      <Filter>Common\NetError</Filter>
    </ClCompile>
    <ClCompile Include="GSProxy.cpp">
      <Filter>Actor</Filter>
    </ClCompile>
    <ClCompile Include="TRThread.cpp">
      <Filter>Actor\TCPRELAY</Filter>
    </ClCompile>
    <ClCompile Include="TRUser.cpp">
      <Filter>Actor\TCPRELAY</Filter>
    </ClCompile>
    <ClCompile Include="TRUserManager.cpp">
      <Filter>Actor\TCPRELAY</Filter>
    </ClCompile>
    <ClCompile Include="KncRobot.cpp">
      <Filter>Actor\Robot</Filter>
    </ClCompile>
    <ClCompile Include="KncRobotManager.cpp">
      <Filter>Actor\Robot</Filter>
    </ClCompile>
    <ClCompile Include="KncRobotThread.cpp">
      <Filter>Actor\RobotThread</Filter>
    </ClCompile>
    <ClCompile Include="KncRobotThreadManager.cpp">
      <Filter>Actor\RobotThread</Filter>
    </ClCompile>
    <ClCompile Include="TRIOCP.cpp">
      <Filter>Actor\TRIOCP</Filter>
    </ClCompile>
    <ClCompile Include="TRIOThread.cpp">
      <Filter>Actor\TRIOCP</Filter>
    </ClCompile>
    <ClCompile Include="RBFSM.cpp">
      <Filter>RBFSM</Filter>
    </ClCompile>
    <ClCompile Include="KRobotPatternManager.cpp">
      <Filter>Lib</Filter>
    </ClCompile>
    <ClCompile Include="Lib\KTDGLineMap.cpp">
      <Filter>Lib</Filter>
    </ClCompile>
    <ClCompile Include="Lib\X2LocationManager.cpp">
      <Filter>Lib</Filter>
    </ClCompile>
    <ClCompile Include="ClientData.cpp" />
    <ClCompile Include="KncClient.cpp" />
    <ClCompile Include="main.cpp" />
  </ItemGroup>
  <ItemGroup>
    <ClInclude Include="..\Common\ActionDecider.h">
      <Filter>Common</Filter>
    </ClInclude>
    <ClInclude Include="..\Common\KncSmartPtr.h">
      <Filter>Common</Filter>
    </ClInclude>
    <ClInclude Include="..\Common\KncUidType.h">
      <Filter>Common</Filter>
    </ClInclude>
    <ClInclude Include="..\Common\Lottery.h">
      <Filter>Common</Filter>
    </ClInclude>
    <ClInclude Include="..\Common\SimObject.h">
      <Filter>Common</Filter>
    </ClInclude>
    <ClInclude Include="..\Common\ThreadManager.h">
      <Filter>Common</Filter>
    </ClInclude>
    <ClInclude Include="..\Common\Socket\CircularQueue.h">
      <Filter>Common\Socket</Filter>
    </ClInclude>
    <ClInclude Include="..\Common\Socket\IOCP.h">
      <Filter>Common\Socket</Filter>
    </ClInclude>
    <ClInclude Include="..\Common\Socket\IOThread.h">
      <Filter>Common\Socket</Filter>
    </ClInclude>
    <ClInclude Include="..\Common\Socket\NetCommon.h">
      <Filter>Common\Socket</Filter>
    </ClInclude>
    <ClInclude Include="..\Common\Socket\Overlapped.h">
      <Filter>Common\Socket</Filter>
    </ClInclude>
    <ClInclude Include="..\Common\Socket\Session.h">
      <Filter>Common\Socket</Filter>
    </ClInclude>
    <ClInclude Include="..\Common\Socket\SocketObject.h">
      <Filter>Common\Socket</Filter>
    </ClInclude>
    <ClInclude Include="..\Common\ActorProxy.h">
      <Filter>Common\Performer</Filter>
    </ClInclude>
    <ClInclude Include="..\Common\Performer.h">
      <Filter>Common\Performer</Filter>
    </ClInclude>
    <ClInclude Include="..\Common\ClientPacket.h">
      <Filter>Common\Packet</Filter>
    </ClInclude>
    <ClInclude Include="..\Common\CommonPacket.h">
      <Filter>Common\Packet</Filter>
    </ClInclude>
    <ClInclude Include="..\Common\Event.h">
      <Filter>Common\Event</Filter>
    </ClInclude>
    <ClInclude Include="..\Common\EventID_Client.h">
      <Filter>Common\Event</Filter>
    </ClInclude>
    <ClInclude Include="..\Common\EventID_Server.h">
      <Filter>Common\Event</Filter>
    </ClInclude>
    <ClInclude Include="..\Common\EventID_System.h">
      <Filter>Common\Event</Filter>
    </ClInclude>
    <ClInclude Include="..\Common\FSM\FSMclass.h">
      <Filter>Common\FSM</Filter>
    </ClInclude>
    <ClInclude Include="..\Common\FSM\FSMstate.h">
      <Filter>Common\FSM</Filter>
    </ClInclude>
    <ClInclude Include="..\Common\FSM\support_FSM.h">
      <Filter>Common\FSM</Filter>
    </ClInclude>
    <ClInclude Include="..\Common\GSFSM.h">
      <Filter>Common\FSM\GSFSM</Filter>
    </ClInclude>
    <ClInclude Include="..\Common\GSFSMInput_def.h">
      <Filter>Common\FSM\GSFSM</Filter>
    </ClInclude>
    <ClInclude Include="..\Common\GSFSMState_def.h">
      <Filter>Common\FSM\GSFSM</Filter>
    </ClInclude>
    <ClInclude Include="..\Common\Lua\KLuaManager.h">
      <Filter>Common\Lua</Filter>
    </ClInclude>
    <ClInclude Include="..\Common\NetError.h">
      <Filter>Common\NetError</Filter>
    </ClInclude>
    <ClInclude Include="..\Common\NetError_def.h">
      <Filter>Common\NetError</Filter>
    </ClInclude>
    <ClInclude Include="RBFSM.h">
      <Filter>RBFSM</Filter>
    </ClInclude>
    <ClInclude Include="RBFSMInput_def.h">
      <Filter>RBFSM</Filter>
    </ClInclude>
    <ClInclude Include="RBFSMState_def.h">
      <Filter>RBFSM</Filter>
    </ClInclude>
    <ClInclude Include="KRobotPatternManager.h">
      <Filter>Lib</Filter>
    </ClInclude>
    <ClInclude Include="Lib\X2LocationManager.h">
      <Filter>Lib</Filter>
    </ClInclude>
  </ItemGroup>
  <ItemGroup>
    <None Include="config_rb.lua">
      <Filter>Script</Filter>
    </None>
    <None Include="MapVillage.lua">
      <Filter>Script</Filter>
    </None>
    <None Include="..\GameServer\RobotPattern\RobotActionScript_0.lua">
      <Filter>Script</Filter>
    </None>
  </ItemGroup>
  <ItemGroup>
    <CustomBuildStep Include="GSProxy.h">
      <Filter>Actor</Filter>
    </CustomBuildStep>
    <CustomBuildStep Include="RobotAction_def.h">
      <Filter>Actor</Filter>
    </CustomBuildStep>
    <CustomBuildStep Include="TRThread.h">
      <Filter>Actor\TCPRELAY</Filter>
    </CustomBuildStep>
    <CustomBuildStep Include="TRUser.h">
      <Filter>Actor\TCPRELAY</Filter>
    </CustomBuildStep>
    <CustomBuildStep Include="TRUserManager.h">
      <Filter>Actor\TCPRELAY</Filter>
    </CustomBuildStep>
    <CustomBuildStep Include="KncRobot.h">
      <Filter>Actor\Robot</Filter>
    </CustomBuildStep>
    <CustomBuildStep Include="KncRobotManager.h">
      <Filter>Actor\Robot</Filter>
    </CustomBuildStep>
    <CustomBuildStep Include="KncRobotThread.h">
      <Filter>Actor\RobotThread</Filter>
    </CustomBuildStep>
    <CustomBuildStep Include="KncRobotThreadManager.h">
      <Filter>Actor\RobotThread</Filter>
    </CustomBuildStep>
    <CustomBuildStep Include="TRIOCP.h">
      <Filter>Actor\TRIOCP</Filter>
    </CustomBuildStep>
    <CustomBuildStep Include="TRIOThread.h">
      <Filter>Actor\TRIOCP</Filter>
    </CustomBuildStep>
    <CustomBuildStep Include="Lib\KTDGLineMap.h">
      <Filter>Lib</Filter>
    </CustomBuildStep>
    <CustomBuildStep Include="ClientData.h" />
    <CustomBuildStep Include="KncClient.h" />
  </ItemGroup>
</Project>